// !$*UTF8*$!
{
	archiveVersion = 1;
	classes = {
	};
	objectVersion = 46;
	objects = {

/* Begin PBXBuildFile section */
		1505E1411EB15A0300C61DFC /* AlerYangShi.m in Sources */ = {isa = PBXBuildFile; fileRef = 1505E1321EB15A0300C61DFC /* AlerYangShi.m */; };
		1505E1421EB15A0300C61DFC /* downLoadView.m in Sources */ = {isa = PBXBuildFile; fileRef = 1505E1341EB15A0300C61DFC /* downLoadView.m */; };
		1505E1431EB15A0300C61DFC /* FileUtils.m in Sources */ = {isa = PBXBuildFile; fileRef = 1505E1361EB15A0300C61DFC /* FileUtils.m */; };
		1505E1441EB15A0300C61DFC /* GZMAlertView.m in Sources */ = {isa = PBXBuildFile; fileRef = 1505E1381EB15A0300C61DFC /* GZMAlertView.m */; };
		1505E1451EB15A0300C61DFC /* warnIngView.m in Sources */ = {isa = PBXBuildFile; fileRef = 1505E13A1EB15A0300C61DFC /* warnIngView.m */; };
		1505E1461EB15A0300C61DFC /* XLWave.m in Sources */ = {isa = PBXBuildFile; fileRef = 1505E13C1EB15A0300C61DFC /* XLWave.m */; };
		1505E1471EB15A0300C61DFC /* XLWaveProgress.m in Sources */ = {isa = PBXBuildFile; fileRef = 1505E13E1EB15A0300C61DFC /* XLWaveProgress.m */; };
		1505E1481EB15A0300C61DFC /* ZJModelTool.m in Sources */ = {isa = PBXBuildFile; fileRef = 1505E1401EB15A0300C61DFC /* ZJModelTool.m */; };
		1505E14C1EB15B6100C61DFC /* RequestTool.m in Sources */ = {isa = PBXBuildFile; fileRef = 1505E14B1EB15B6100C61DFC /* RequestTool.m */; };
		1505E14F1EB15C4900C61DFC /* LoadIngView.m in Sources */ = {isa = PBXBuildFile; fileRef = 1505E14E1EB15C4900C61DFC /* LoadIngView.m */; };
		1505E15A1EB27B5500C61DFC /* AppDelegate.m in Sources */ = {isa = PBXBuildFile; fileRef = 1505E1571EB27B5500C61DFC /* AppDelegate.m */; };
		1505E15B1EB27B5500C61DFC /* ViewController.m in Sources */ = {isa = PBXBuildFile; fileRef = 1505E1591EB27B5500C61DFC /* ViewController.m */; };
		1505E15E1EB27BA100C61DFC /* GZMRootViewController.m in Sources */ = {isa = PBXBuildFile; fileRef = 1505E15D1EB27BA100C61DFC /* GZMRootViewController.m */; };
		1505E1671EB2B10700C61DFC /* onrViewController.m in Sources */ = {isa = PBXBuildFile; fileRef = 1505E1651EB2B10700C61DFC /* onrViewController.m */; };
		1505E1681EB2B10700C61DFC /* onrViewController.xib in Resources */ = {isa = PBXBuildFile; fileRef = 1505E1661EB2B10700C61DFC /* onrViewController.xib */; };
		1505E16E1EB2C0E900C61DFC /* GZMTabbatViewController.m in Sources */ = {isa = PBXBuildFile; fileRef = 1505E16D1EB2C0E900C61DFC /* GZMTabbatViewController.m */; };
		150BBDA11EE1DB9A0010A8D1 /* UserModel.m in Sources */ = {isa = PBXBuildFile; fileRef = 150BBDA01EE1DB9A0010A8D1 /* UserModel.m */; };
		150D013C1ED8AB8C004D97A1 /* GZMMyViewController.m in Sources */ = {isa = PBXBuildFile; fileRef = 150D013B1ED8AB8C004D97A1 /* GZMMyViewController.m */; };
		150D013F1ED8F3B6004D97A1 /* GZMChangeProgectViewController.m in Sources */ = {isa = PBXBuildFile; fileRef = 150D013E1ED8F3B6004D97A1 /* GZMChangeProgectViewController.m */; };
		150D01421EDA3B9E004D97A1 /* leftButton.m in Sources */ = {isa = PBXBuildFile; fileRef = 150D01411EDA3B9E004D97A1 /* leftButton.m */; };
		150D01481EDA4C13004D97A1 /* tableVIew.m in Sources */ = {isa = PBXBuildFile; fileRef = 150D01471EDA4C13004D97A1 /* tableVIew.m */; };
		150D014C1EDF7C01004D97A1 /* GZMMyViewController.xib in Resources */ = {isa = PBXBuildFile; fileRef = 150D014B1EDF7C01004D97A1 /* GZMMyViewController.xib */; };
		150D014F1EDF8491004D97A1 /* GZmSettingViewController.m in Sources */ = {isa = PBXBuildFile; fileRef = 150D014E1EDF8491004D97A1 /* GZmSettingViewController.m */; };
		150D01521EDF8A34004D97A1 /* simpleTableVIew.m in Sources */ = {isa = PBXBuildFile; fileRef = 150D01511EDF8A34004D97A1 /* simpleTableVIew.m */; };
		150D01551EDF9A8E004D97A1 /* GZMpassWordSecurityViewController.m in Sources */ = {isa = PBXBuildFile; fileRef = 150D01541EDF9A8E004D97A1 /* GZMpassWordSecurityViewController.m */; };
		150D01581EDFA2C5004D97A1 /* GZMpickerView.m in Sources */ = {isa = PBXBuildFile; fileRef = 150D01571EDFA2C5004D97A1 /* GZMpickerView.m */; };
		15657E6D1EE5E3B000F92365 /* GZMexampleViewController.m in Sources */ = {isa = PBXBuildFile; fileRef = 15657E6C1EE5E3B000F92365 /* GZMexampleViewController.m */; };
		15657E701EE605ED00F92365 /* GZMEqupmenttionMOdel.m in Sources */ = {isa = PBXBuildFile; fileRef = 15657E6F1EE605ED00F92365 /* GZMEqupmenttionMOdel.m */; };
		15657E741EE606B300F92365 /* GZmEquentTableViewCell.m in Sources */ = {isa = PBXBuildFile; fileRef = 15657E721EE606B300F92365 /* GZmEquentTableViewCell.m */; };
		15657E751EE606B300F92365 /* GZmEquentTableViewCell.xib in Resources */ = {isa = PBXBuildFile; fileRef = 15657E731EE606B300F92365 /* GZmEquentTableViewCell.xib */; };
		15657E781EE870DD00F92365 /* GZMActiveHistoryViewController.m in Sources */ = {isa = PBXBuildFile; fileRef = 15657E771EE870DD00F92365 /* GZMActiveHistoryViewController.m */; };
		15657E7B1EE87B7A00F92365 /* activeHistoryModel.m in Sources */ = {isa = PBXBuildFile; fileRef = 15657E7A1EE87B7A00F92365 /* activeHistoryModel.m */; };
		15657E7F1EE8809300F92365 /* GZmHistroyTableViewCell.m in Sources */ = {isa = PBXBuildFile; fileRef = 15657E7D1EE8809300F92365 /* GZmHistroyTableViewCell.m */; };
		15657E801EE8809300F92365 /* GZmHistroyTableViewCell.xib in Resources */ = {isa = PBXBuildFile; fileRef = 15657E7E1EE8809300F92365 /* GZmHistroyTableViewCell.xib */; };
		15657E841EE8A35C00F92365 /* GZMDetailEuimentViewController.m in Sources */ = {isa = PBXBuildFile; fileRef = 15657E821EE8A35C00F92365 /* GZMDetailEuimentViewController.m */; };
		15657E851EE8A35C00F92365 /* GZMDetailEuimentViewController.xib in Resources */ = {isa = PBXBuildFile; fileRef = 15657E831EE8A35C00F92365 /* GZMDetailEuimentViewController.xib */; };
		156DDB211ECA27D60050F037 /* UITextField+GZM.m in Sources */ = {isa = PBXBuildFile; fileRef = 156DDB201ECA27D60050F037 /* UITextField+GZM.m */; };
		156DDB281ECB6CC20050F037 /* GZMLoginViewController.m in Sources */ = {isa = PBXBuildFile; fileRef = 156DDB261ECB6CC20050F037 /* GZMLoginViewController.m */; };
		156DDB291ECB6CC20050F037 /* GZMLoginViewController.xib in Resources */ = {isa = PBXBuildFile; fileRef = 156DDB271ECB6CC20050F037 /* GZMLoginViewController.xib */; };
		156DDB2C1ECB6DC20050F037 /* registedViewController.m in Sources */ = {isa = PBXBuildFile; fileRef = 156DDB2B1ECB6DC20050F037 /* registedViewController.m */; };
		156DDB321ECE4EAC0050F037 /* registedViewController.xib in Resources */ = {isa = PBXBuildFile; fileRef = 156DDB311ECE4EAC0050F037 /* registedViewController.xib */; };
		157415C71EF08CDE00B2513E /* GZMTableView.m in Sources */ = {isa = PBXBuildFile; fileRef = 157415C61EF08CDE00B2513E /* GZMTableView.m */; };
		157415CB1EF094EC00B2513E /* GZMIPTableViewCell.m in Sources */ = {isa = PBXBuildFile; fileRef = 157415C91EF094EC00B2513E /* GZMIPTableViewCell.m */; };
		157415CC1EF094EC00B2513E /* GZMIPTableViewCell.xib in Resources */ = {isa = PBXBuildFile; fileRef = 157415CA1EF094EC00B2513E /* GZMIPTableViewCell.xib */; };
		157415D01EF09E5700B2513E /* YaoqingView.m in Sources */ = {isa = PBXBuildFile; fileRef = 157415CF1EF09E5700B2513E /* YaoqingView.m */; };
		157415D41EF1ACD600B2513E /* GZMequipmentView.m in Sources */ = {isa = PBXBuildFile; fileRef = 157415D31EF1ACD600B2513E /* GZMequipmentView.m */; };
		157415D71EF345C800B2513E /* GZMMeActiveViewController.m in Sources */ = {isa = PBXBuildFile; fileRef = 157415D61EF345C800B2513E /* GZMMeActiveViewController.m */; };
		1579B8EB1ED5F8E3000325FC /* GZMForgetViewController.m in Sources */ = {isa = PBXBuildFile; fileRef = 1579B8E91ED5F8E3000325FC /* GZMForgetViewController.m */; };
		1579B8EC1ED5F8E3000325FC /* GZMForgetViewController.xib in Resources */ = {isa = PBXBuildFile; fileRef = 1579B8EA1ED5F8E3000325FC /* GZMForgetViewController.xib */; };
		1579B9561ED64732000325FC /* GZMZongViewController.m in Sources */ = {isa = PBXBuildFile; fileRef = 1579B9471ED64732000325FC /* GZMZongViewController.m */; };
		1579B9571ED64732000325FC /* GZMProjectViewController.m in Sources */ = {isa = PBXBuildFile; fileRef = 1579B94D1ED64732000325FC /* GZMProjectViewController.m */; };
		1579B9581ED64732000325FC /* GZMProjectModel.m in Sources */ = {isa = PBXBuildFile; fileRef = 1579B9501ED64732000325FC /* GZMProjectModel.m */; };
		1579B9591ED64732000325FC /* GZmprojectTableViewCell.m in Sources */ = {isa = PBXBuildFile; fileRef = 1579B9531ED64732000325FC /* GZmprojectTableViewCell.m */; };
		1579B95A1ED64732000325FC /* GZmprojectTableViewCell.xib in Resources */ = {isa = PBXBuildFile; fileRef = 1579B9541ED64732000325FC /* GZmprojectTableViewCell.xib */; };
		1579B95D1ED647B0000325FC /* GZMequipmentViewController.m in Sources */ = {isa = PBXBuildFile; fileRef = 1579B95C1ED647B0000325FC /* GZMequipmentViewController.m */; };
		1579B9611ED66154000325FC /* GZMdetailProjectViewController.m in Sources */ = {isa = PBXBuildFile; fileRef = 1579B95F1ED66154000325FC /* GZMdetailProjectViewController.m */; };
		1579B9621ED66154000325FC /* GZMdetailProjectViewController.xib in Resources */ = {isa = PBXBuildFile; fileRef = 1579B9601ED66154000325FC /* GZMdetailProjectViewController.xib */; };
		1579B9661ED73ED1000325FC /* GZMCreatViewController.m in Sources */ = {isa = PBXBuildFile; fileRef = 1579B9641ED73ED1000325FC /* GZMCreatViewController.m */; };
		1579B9671ED73ED1000325FC /* GZMCreatViewController.xib in Resources */ = {isa = PBXBuildFile; fileRef = 1579B9651ED73ED1000325FC /* GZMCreatViewController.xib */; };
		1579B96A1ED75025000325FC /* GZMActivationViewController.m in Sources */ = {isa = PBXBuildFile; fileRef = 1579B9691ED75025000325FC /* GZMActivationViewController.m */; };
		1579B96E1ED7545C000325FC /* GZMActiveTableViewCell.m in Sources */ = {isa = PBXBuildFile; fileRef = 1579B96C1ED7545C000325FC /* GZMActiveTableViewCell.m */; };
		1579B96F1ED7545C000325FC /* GZMActiveTableViewCell.xib in Resources */ = {isa = PBXBuildFile; fileRef = 1579B96D1ED7545C000325FC /* GZMActiveTableViewCell.xib */; };
		1579B9731ED7633A000325FC /* GZMCreatActiveViewController.m in Sources */ = {isa = PBXBuildFile; fileRef = 1579B9711ED7633A000325FC /* GZMCreatActiveViewController.m */; };
		1579B9741ED7633A000325FC /* GZMCreatActiveViewController.xib in Resources */ = {isa = PBXBuildFile; fileRef = 1579B9721ED7633A000325FC /* GZMCreatActiveViewController.xib */; };
		1579B9771ED89A55000325FC /* ActiveModel.m in Sources */ = {isa = PBXBuildFile; fileRef = 1579B9761ED89A55000325FC /* ActiveModel.m */; };
		158797831EAFEF6100DA40CF /* main.m in Sources */ = {isa = PBXBuildFile; fileRef = 158797821EAFEF6100DA40CF /* main.m */; };
		1587978C1EAFEF6100DA40CF /* Main.storyboard in Resources */ = {isa = PBXBuildFile; fileRef = 1587978A1EAFEF6100DA40CF /* Main.storyboard */; };
		1587978E1EAFEF6100DA40CF /* Assets.xcassets in Resources */ = {isa = PBXBuildFile; fileRef = 1587978D1EAFEF6100DA40CF /* Assets.xcassets */; };
		158797911EAFEF6100DA40CF /* LaunchScreen.storyboard in Resources */ = {isa = PBXBuildFile; fileRef = 1587978F1EAFEF6100DA40CF /* LaunchScreen.storyboard */; };
		1587979C1EAFEF6100DA40CF /* gzmObjectTests.m in Sources */ = {isa = PBXBuildFile; fileRef = 1587979B1EAFEF6100DA40CF /* gzmObjectTests.m */; };
		158797A71EAFEF6100DA40CF /* gzmObjectUITests.m in Sources */ = {isa = PBXBuildFile; fileRef = 158797A61EAFEF6100DA40CF /* gzmObjectUITests.m */; };
		158797C61EB027C800DA40CF /* FatherViewController.m in Sources */ = {isa = PBXBuildFile; fileRef = 158797C31EB027C800DA40CF /* FatherViewController.m */; };
		158797C71EB027C800DA40CF /* withTableviewViewController.m in Sources */ = {isa = PBXBuildFile; fileRef = 158797C51EB027C800DA40CF /* withTableviewViewController.m */; };
		158797E01EB02C8400DA40CF /* NSArray+GZM.m in Sources */ = {isa = PBXBuildFile; fileRef = 158797CB1EB02C8400DA40CF /* NSArray+GZM.m */; };
		158797E11EB02C8400DA40CF /* NSDictionary+GZM.m in Sources */ = {isa = PBXBuildFile; fileRef = 158797CD1EB02C8400DA40CF /* NSDictionary+GZM.m */; };
		158797E21EB02C8400DA40CF /* NSString+GZM.m in Sources */ = {isa = PBXBuildFile; fileRef = 158797CF1EB02C8400DA40CF /* NSString+GZM.m */; };
		158797E31EB02C8400DA40CF /* UIActivityIndicatorView+GZM.m in Sources */ = {isa = PBXBuildFile; fileRef = 158797D11EB02C8400DA40CF /* UIActivityIndicatorView+GZM.m */; };
		158797E41EB02C8400DA40CF /* UIButton+GZM.m in Sources */ = {isa = PBXBuildFile; fileRef = 158797D31EB02C8400DA40CF /* UIButton+GZM.m */; };
		158797E51EB02C8400DA40CF /* UIColor+GZM.m in Sources */ = {isa = PBXBuildFile; fileRef = 158797D51EB02C8400DA40CF /* UIColor+GZM.m */; };
		158797E61EB02C8400DA40CF /* UIImage+GZM.m in Sources */ = {isa = PBXBuildFile; fileRef = 158797D71EB02C8400DA40CF /* UIImage+GZM.m */; };
		158797E71EB02C8400DA40CF /* UIImageView+GZM.m in Sources */ = {isa = PBXBuildFile; fileRef = 158797D91EB02C8400DA40CF /* UIImageView+GZM.m */; };
		158797E81EB02C8400DA40CF /* UILabel+GZMlable.m in Sources */ = {isa = PBXBuildFile; fileRef = 158797DB1EB02C8400DA40CF /* UILabel+GZMlable.m */; };
		158797E91EB02C8400DA40CF /* UITextView+GZM.m in Sources */ = {isa = PBXBuildFile; fileRef = 158797DD1EB02C8400DA40CF /* UITextView+GZM.m */; };
		158797ED1EB02DE300DA40CF /* UIView+SYFrame.m in Sources */ = {isa = PBXBuildFile; fileRef = 158797EC1EB02DE300DA40CF /* UIView+SYFrame.m */; };
		15E5D7E01EE07CF00040172E /* ChangePasswordViewController.m in Sources */ = {isa = PBXBuildFile; fileRef = 15E5D7DE1EE07CF00040172E /* ChangePasswordViewController.m */; };
		15E5D7E11EE07CF00040172E /* ChangePasswordViewController.xib in Resources */ = {isa = PBXBuildFile; fileRef = 15E5D7DF1EE07CF00040172E /* ChangePasswordViewController.xib */; };
		15E5D7E51EE084440040172E /* GZMChangeencryptedViewController.m in Sources */ = {isa = PBXBuildFile; fileRef = 15E5D7E31EE084440040172E /* GZMChangeencryptedViewController.m */; };
		15E5D7E61EE084440040172E /* GZMChangeencryptedViewController.xib in Resources */ = {isa = PBXBuildFile; fileRef = 15E5D7E41EE084440040172E /* GZMChangeencryptedViewController.xib */; };
		15E5D7EA1EE0C2310040172E /* GZMChnageOneencryptedViewController.m in Sources */ = {isa = PBXBuildFile; fileRef = 15E5D7E81EE0C2310040172E /* GZMChnageOneencryptedViewController.m */; };
		15E5D7EB1EE0C2310040172E /* GZMChnageOneencryptedViewController.xib in Resources */ = {isa = PBXBuildFile; fileRef = 15E5D7E91EE0C2310040172E /* GZMChnageOneencryptedViewController.xib */; };
		15E5D7EF1EE0CAFD0040172E /* GZMperSonMessageViewController.m in Sources */ = {isa = PBXBuildFile; fileRef = 15E5D7ED1EE0CAFD0040172E /* GZMperSonMessageViewController.m */; };
		15E5D7F01EE0CAFD0040172E /* GZMperSonMessageViewController.xib in Resources */ = {isa = PBXBuildFile; fileRef = 15E5D7EE1EE0CAFD0040172E /* GZMperSonMessageViewController.xib */; };
		F3A25B0F93C6F2AE90B79CE1 /* libPods-gzmObject.a in Frameworks */ = {isa = PBXBuildFile; fileRef = ADB4F17963CABA003DDAEB3A /* libPods-gzmObject.a */; };
/* End PBXBuildFile section */

/* Begin PBXContainerItemProxy section */
		158797981EAFEF6100DA40CF /* PBXContainerItemProxy */ = {
			isa = PBXContainerItemProxy;
			containerPortal = 158797761EAFEF6000DA40CF /* Project object */;
			proxyType = 1;
			remoteGlobalIDString = 1587977D1EAFEF6000DA40CF;
			remoteInfo = gzmObject;
		};
		158797A31EAFEF6100DA40CF /* PBXContainerItemProxy */ = {
			isa = PBXContainerItemProxy;
			containerPortal = 158797761EAFEF6000DA40CF /* Project object */;
			proxyType = 1;
			remoteGlobalIDString = 1587977D1EAFEF6000DA40CF;
			remoteInfo = gzmObject;
		};
/* End PBXContainerItemProxy section */

/* Begin PBXFileReference section */
		1505E1291EB141A300C61DFC /* PrefixHeader.pch */ = {isa = PBXFileReference; lastKnownFileType = sourcecode.c.h; path = PrefixHeader.pch; sourceTree = "<group>"; };
		1505E12C1EB14E3800C61DFC /* GZMApi.h */ = {isa = PBXFileReference; lastKnownFileType = sourcecode.c.h; path = GZMApi.h; sourceTree = "<group>"; };
		1505E12D1EB14E6300C61DFC /* notification.h */ = {isa = PBXFileReference; lastKnownFileType = sourcecode.c.h; path = notification.h; sourceTree = "<group>"; };
		1505E12E1EB14E8C00C61DFC /* GZMCAtegory.h */ = {isa = PBXFileReference; lastKnownFileType = sourcecode.c.h; path = GZMCAtegory.h; sourceTree = "<group>"; };
		1505E12F1EB14FAE00C61DFC /* ThreePart.h */ = {isa = PBXFileReference; lastKnownFileType = sourcecode.c.h; path = ThreePart.h; sourceTree = "<group>"; };
		1505E1311EB15A0300C61DFC /* AlerYangShi.h */ = {isa = PBXFileReference; fileEncoding = 4; lastKnownFileType = sourcecode.c.h; path = AlerYangShi.h; sourceTree = "<group>"; };
		1505E1321EB15A0300C61DFC /* AlerYangShi.m */ = {isa = PBXFileReference; fileEncoding = 4; lastKnownFileType = sourcecode.c.objc; path = AlerYangShi.m; sourceTree = "<group>"; };
		1505E1331EB15A0300C61DFC /* downLoadView.h */ = {isa = PBXFileReference; fileEncoding = 4; lastKnownFileType = sourcecode.c.h; path = downLoadView.h; sourceTree = "<group>"; };
		1505E1341EB15A0300C61DFC /* downLoadView.m */ = {isa = PBXFileReference; fileEncoding = 4; lastKnownFileType = sourcecode.c.objc; path = downLoadView.m; sourceTree = "<group>"; };
		1505E1351EB15A0300C61DFC /* FileUtils.h */ = {isa = PBXFileReference; fileEncoding = 4; lastKnownFileType = sourcecode.c.h; path = FileUtils.h; sourceTree = "<group>"; };
		1505E1361EB15A0300C61DFC /* FileUtils.m */ = {isa = PBXFileReference; fileEncoding = 4; lastKnownFileType = sourcecode.c.objc; path = FileUtils.m; sourceTree = "<group>"; };
		1505E1371EB15A0300C61DFC /* GZMAlertView.h */ = {isa = PBXFileReference; fileEncoding = 4; lastKnownFileType = sourcecode.c.h; path = GZMAlertView.h; sourceTree = "<group>"; };
		1505E1381EB15A0300C61DFC /* GZMAlertView.m */ = {isa = PBXFileReference; fileEncoding = 4; lastKnownFileType = sourcecode.c.objc; path = GZMAlertView.m; sourceTree = "<group>"; };
		1505E1391EB15A0300C61DFC /* warnIngView.h */ = {isa = PBXFileReference; fileEncoding = 4; lastKnownFileType = sourcecode.c.h; path = warnIngView.h; sourceTree = "<group>"; };
		1505E13A1EB15A0300C61DFC /* warnIngView.m */ = {isa = PBXFileReference; fileEncoding = 4; lastKnownFileType = sourcecode.c.objc; path = warnIngView.m; sourceTree = "<group>"; };
		1505E13B1EB15A0300C61DFC /* XLWave.h */ = {isa = PBXFileReference; fileEncoding = 4; lastKnownFileType = sourcecode.c.h; path = XLWave.h; sourceTree = "<group>"; };
		1505E13C1EB15A0300C61DFC /* XLWave.m */ = {isa = PBXFileReference; fileEncoding = 4; lastKnownFileType = sourcecode.c.objc; path = XLWave.m; sourceTree = "<group>"; };
		1505E13D1EB15A0300C61DFC /* XLWaveProgress.h */ = {isa = PBXFileReference; fileEncoding = 4; lastKnownFileType = sourcecode.c.h; path = XLWaveProgress.h; sourceTree = "<group>"; };
		1505E13E1EB15A0300C61DFC /* XLWaveProgress.m */ = {isa = PBXFileReference; fileEncoding = 4; lastKnownFileType = sourcecode.c.objc; path = XLWaveProgress.m; sourceTree = "<group>"; };
		1505E13F1EB15A0300C61DFC /* ZJModelTool.h */ = {isa = PBXFileReference; fileEncoding = 4; lastKnownFileType = sourcecode.c.h; path = ZJModelTool.h; sourceTree = "<group>"; };
		1505E1401EB15A0300C61DFC /* ZJModelTool.m */ = {isa = PBXFileReference; fileEncoding = 4; lastKnownFileType = sourcecode.c.objc; path = ZJModelTool.m; sourceTree = "<group>"; };
		1505E14A1EB15B6100C61DFC /* RequestTool.h */ = {isa = PBXFileReference; fileEncoding = 4; lastKnownFileType = sourcecode.c.h; path = RequestTool.h; sourceTree = "<group>"; };
		1505E14B1EB15B6100C61DFC /* RequestTool.m */ = {isa = PBXFileReference; fileEncoding = 4; lastKnownFileType = sourcecode.c.objc; path = RequestTool.m; sourceTree = "<group>"; };
		1505E14D1EB15C4900C61DFC /* LoadIngView.h */ = {isa = PBXFileReference; fileEncoding = 4; lastKnownFileType = sourcecode.c.h; path = LoadIngView.h; sourceTree = "<group>"; };
		1505E14E1EB15C4900C61DFC /* LoadIngView.m */ = {isa = PBXFileReference; fileEncoding = 4; lastKnownFileType = sourcecode.c.objc; path = LoadIngView.m; sourceTree = "<group>"; };
		1505E1511EB15D9400C61DFC /* GZMSecret.h */ = {isa = PBXFileReference; lastKnownFileType = sourcecode.c.h; path = GZMSecret.h; sourceTree = "<group>"; };
		1505E1561EB27B5500C61DFC /* AppDelegate.h */ = {isa = PBXFileReference; fileEncoding = 4; lastKnownFileType = sourcecode.c.h; path = AppDelegate.h; sourceTree = "<group>"; };
		1505E1571EB27B5500C61DFC /* AppDelegate.m */ = {isa = PBXFileReference; fileEncoding = 4; lastKnownFileType = sourcecode.c.objc; path = AppDelegate.m; sourceTree = "<group>"; };
		1505E1581EB27B5500C61DFC /* ViewController.h */ = {isa = PBXFileReference; fileEncoding = 4; lastKnownFileType = sourcecode.c.h; path = ViewController.h; sourceTree = "<group>"; };
		1505E1591EB27B5500C61DFC /* ViewController.m */ = {isa = PBXFileReference; fileEncoding = 4; lastKnownFileType = sourcecode.c.objc; path = ViewController.m; sourceTree = "<group>"; };
		1505E15C1EB27BA100C61DFC /* GZMRootViewController.h */ = {isa = PBXFileReference; fileEncoding = 4; lastKnownFileType = sourcecode.c.h; path = GZMRootViewController.h; sourceTree = "<group>"; };
		1505E15D1EB27BA100C61DFC /* GZMRootViewController.m */ = {isa = PBXFileReference; fileEncoding = 4; lastKnownFileType = sourcecode.c.objc; path = GZMRootViewController.m; sourceTree = "<group>"; };
		1505E1641EB2B10700C61DFC /* onrViewController.h */ = {isa = PBXFileReference; fileEncoding = 4; lastKnownFileType = sourcecode.c.h; path = onrViewController.h; sourceTree = "<group>"; };
		1505E1651EB2B10700C61DFC /* onrViewController.m */ = {isa = PBXFileReference; fileEncoding = 4; lastKnownFileType = sourcecode.c.objc; path = onrViewController.m; sourceTree = "<group>"; };
		1505E1661EB2B10700C61DFC /* onrViewController.xib */ = {isa = PBXFileReference; fileEncoding = 4; lastKnownFileType = file.xib; path = onrViewController.xib; sourceTree = "<group>"; };
		1505E16C1EB2C0E900C61DFC /* GZMTabbatViewController.h */ = {isa = PBXFileReference; fileEncoding = 4; lastKnownFileType = sourcecode.c.h; path = GZMTabbatViewController.h; sourceTree = "<group>"; };
		1505E16D1EB2C0E900C61DFC /* GZMTabbatViewController.m */ = {isa = PBXFileReference; fileEncoding = 4; lastKnownFileType = sourcecode.c.objc; path = GZMTabbatViewController.m; sourceTree = "<group>"; };
		150BBD9F1EE1DB9A0010A8D1 /* UserModel.h */ = {isa = PBXFileReference; fileEncoding = 4; lastKnownFileType = sourcecode.c.h; path = UserModel.h; sourceTree = "<group>"; };
		150BBDA01EE1DB9A0010A8D1 /* UserModel.m */ = {isa = PBXFileReference; fileEncoding = 4; lastKnownFileType = sourcecode.c.objc; path = UserModel.m; sourceTree = "<group>"; };
		150D013A1ED8AB8C004D97A1 /* GZMMyViewController.h */ = {isa = PBXFileReference; fileEncoding = 4; lastKnownFileType = sourcecode.c.h; path = GZMMyViewController.h; sourceTree = "<group>"; };
		150D013B1ED8AB8C004D97A1 /* GZMMyViewController.m */ = {isa = PBXFileReference; fileEncoding = 4; lastKnownFileType = sourcecode.c.objc; path = GZMMyViewController.m; sourceTree = "<group>"; };
		150D013D1ED8F3B6004D97A1 /* GZMChangeProgectViewController.h */ = {isa = PBXFileReference; fileEncoding = 4; lastKnownFileType = sourcecode.c.h; path = GZMChangeProgectViewController.h; sourceTree = "<group>"; };
		150D013E1ED8F3B6004D97A1 /* GZMChangeProgectViewController.m */ = {isa = PBXFileReference; fileEncoding = 4; lastKnownFileType = sourcecode.c.objc; path = GZMChangeProgectViewController.m; sourceTree = "<group>"; };
		150D01401EDA3B9E004D97A1 /* leftButton.h */ = {isa = PBXFileReference; fileEncoding = 4; lastKnownFileType = sourcecode.c.h; path = leftButton.h; sourceTree = "<group>"; };
		150D01411EDA3B9E004D97A1 /* leftButton.m */ = {isa = PBXFileReference; fileEncoding = 4; lastKnownFileType = sourcecode.c.objc; path = leftButton.m; sourceTree = "<group>"; };
		150D01461EDA4C13004D97A1 /* tableVIew.h */ = {isa = PBXFileReference; fileEncoding = 4; lastKnownFileType = sourcecode.c.h; path = tableVIew.h; sourceTree = "<group>"; };
		150D01471EDA4C13004D97A1 /* tableVIew.m */ = {isa = PBXFileReference; fileEncoding = 4; lastKnownFileType = sourcecode.c.objc; path = tableVIew.m; sourceTree = "<group>"; };
		150D014B1EDF7C01004D97A1 /* GZMMyViewController.xib */ = {isa = PBXFileReference; fileEncoding = 4; lastKnownFileType = file.xib; path = GZMMyViewController.xib; sourceTree = "<group>"; };
		150D014D1EDF8491004D97A1 /* GZmSettingViewController.h */ = {isa = PBXFileReference; fileEncoding = 4; lastKnownFileType = sourcecode.c.h; path = GZmSettingViewController.h; sourceTree = "<group>"; };
		150D014E1EDF8491004D97A1 /* GZmSettingViewController.m */ = {isa = PBXFileReference; fileEncoding = 4; lastKnownFileType = sourcecode.c.objc; path = GZmSettingViewController.m; sourceTree = "<group>"; };
		150D01501EDF8A34004D97A1 /* simpleTableVIew.h */ = {isa = PBXFileReference; fileEncoding = 4; lastKnownFileType = sourcecode.c.h; path = simpleTableVIew.h; sourceTree = "<group>"; };
		150D01511EDF8A34004D97A1 /* simpleTableVIew.m */ = {isa = PBXFileReference; fileEncoding = 4; lastKnownFileType = sourcecode.c.objc; path = simpleTableVIew.m; sourceTree = "<group>"; };
		150D01531EDF9A8E004D97A1 /* GZMpassWordSecurityViewController.h */ = {isa = PBXFileReference; fileEncoding = 4; lastKnownFileType = sourcecode.c.h; path = GZMpassWordSecurityViewController.h; sourceTree = "<group>"; };
		150D01541EDF9A8E004D97A1 /* GZMpassWordSecurityViewController.m */ = {isa = PBXFileReference; fileEncoding = 4; lastKnownFileType = sourcecode.c.objc; path = GZMpassWordSecurityViewController.m; sourceTree = "<group>"; };
		150D01561EDFA2C5004D97A1 /* GZMpickerView.h */ = {isa = PBXFileReference; fileEncoding = 4; lastKnownFileType = sourcecode.c.h; path = GZMpickerView.h; sourceTree = "<group>"; };
		150D01571EDFA2C5004D97A1 /* GZMpickerView.m */ = {isa = PBXFileReference; fileEncoding = 4; lastKnownFileType = sourcecode.c.objc; path = GZMpickerView.m; sourceTree = "<group>"; };
		15657E6B1EE5E3B000F92365 /* GZMexampleViewController.h */ = {isa = PBXFileReference; fileEncoding = 4; lastKnownFileType = sourcecode.c.h; path = GZMexampleViewController.h; sourceTree = "<group>"; };
		15657E6C1EE5E3B000F92365 /* GZMexampleViewController.m */ = {isa = PBXFileReference; fileEncoding = 4; lastKnownFileType = sourcecode.c.objc; path = GZMexampleViewController.m; sourceTree = "<group>"; };
		15657E6E1EE605ED00F92365 /* GZMEqupmenttionMOdel.h */ = {isa = PBXFileReference; fileEncoding = 4; lastKnownFileType = sourcecode.c.h; path = GZMEqupmenttionMOdel.h; sourceTree = "<group>"; };
		15657E6F1EE605ED00F92365 /* GZMEqupmenttionMOdel.m */ = {isa = PBXFileReference; fileEncoding = 4; lastKnownFileType = sourcecode.c.objc; path = GZMEqupmenttionMOdel.m; sourceTree = "<group>"; };
		15657E711EE606B300F92365 /* GZmEquentTableViewCell.h */ = {isa = PBXFileReference; fileEncoding = 4; lastKnownFileType = sourcecode.c.h; path = GZmEquentTableViewCell.h; sourceTree = "<group>"; };
		15657E721EE606B300F92365 /* GZmEquentTableViewCell.m */ = {isa = PBXFileReference; fileEncoding = 4; lastKnownFileType = sourcecode.c.objc; path = GZmEquentTableViewCell.m; sourceTree = "<group>"; };
		15657E731EE606B300F92365 /* GZmEquentTableViewCell.xib */ = {isa = PBXFileReference; fileEncoding = 4; lastKnownFileType = file.xib; path = GZmEquentTableViewCell.xib; sourceTree = "<group>"; };
		15657E761EE870DD00F92365 /* GZMActiveHistoryViewController.h */ = {isa = PBXFileReference; fileEncoding = 4; lastKnownFileType = sourcecode.c.h; path = GZMActiveHistoryViewController.h; sourceTree = "<group>"; };
		15657E771EE870DD00F92365 /* GZMActiveHistoryViewController.m */ = {isa = PBXFileReference; fileEncoding = 4; lastKnownFileType = sourcecode.c.objc; path = GZMActiveHistoryViewController.m; sourceTree = "<group>"; };
		15657E791EE87B7A00F92365 /* activeHistoryModel.h */ = {isa = PBXFileReference; fileEncoding = 4; lastKnownFileType = sourcecode.c.h; path = activeHistoryModel.h; sourceTree = "<group>"; };
		15657E7A1EE87B7A00F92365 /* activeHistoryModel.m */ = {isa = PBXFileReference; fileEncoding = 4; lastKnownFileType = sourcecode.c.objc; path = activeHistoryModel.m; sourceTree = "<group>"; };
		15657E7C1EE8809300F92365 /* GZmHistroyTableViewCell.h */ = {isa = PBXFileReference; fileEncoding = 4; lastKnownFileType = sourcecode.c.h; path = GZmHistroyTableViewCell.h; sourceTree = "<group>"; };
		15657E7D1EE8809300F92365 /* GZmHistroyTableViewCell.m */ = {isa = PBXFileReference; fileEncoding = 4; lastKnownFileType = sourcecode.c.objc; path = GZmHistroyTableViewCell.m; sourceTree = "<group>"; };
		15657E7E1EE8809300F92365 /* GZmHistroyTableViewCell.xib */ = {isa = PBXFileReference; fileEncoding = 4; lastKnownFileType = file.xib; path = GZmHistroyTableViewCell.xib; sourceTree = "<group>"; };
		15657E811EE8A35C00F92365 /* GZMDetailEuimentViewController.h */ = {isa = PBXFileReference; fileEncoding = 4; lastKnownFileType = sourcecode.c.h; path = GZMDetailEuimentViewController.h; sourceTree = "<group>"; };
		15657E821EE8A35C00F92365 /* GZMDetailEuimentViewController.m */ = {isa = PBXFileReference; fileEncoding = 4; lastKnownFileType = sourcecode.c.objc; path = GZMDetailEuimentViewController.m; sourceTree = "<group>"; };
		15657E831EE8A35C00F92365 /* GZMDetailEuimentViewController.xib */ = {isa = PBXFileReference; fileEncoding = 4; lastKnownFileType = file.xib; path = GZMDetailEuimentViewController.xib; sourceTree = "<group>"; };
		15657E871EE8C39500F92365 /* GZMConfig.h */ = {isa = PBXFileReference; lastKnownFileType = sourcecode.c.h; path = GZMConfig.h; sourceTree = "<group>"; };
		156DDB1F1ECA27D60050F037 /* UITextField+GZM.h */ = {isa = PBXFileReference; fileEncoding = 4; lastKnownFileType = sourcecode.c.h; path = "UITextField+GZM.h"; sourceTree = "<group>"; };
		156DDB201ECA27D60050F037 /* UITextField+GZM.m */ = {isa = PBXFileReference; fileEncoding = 4; lastKnownFileType = sourcecode.c.objc; path = "UITextField+GZM.m"; sourceTree = "<group>"; };
		156DDB251ECB6CC20050F037 /* GZMLoginViewController.h */ = {isa = PBXFileReference; fileEncoding = 4; lastKnownFileType = sourcecode.c.h; path = GZMLoginViewController.h; sourceTree = "<group>"; };
		156DDB261ECB6CC20050F037 /* GZMLoginViewController.m */ = {isa = PBXFileReference; fileEncoding = 4; lastKnownFileType = sourcecode.c.objc; path = GZMLoginViewController.m; sourceTree = "<group>"; };
		156DDB271ECB6CC20050F037 /* GZMLoginViewController.xib */ = {isa = PBXFileReference; fileEncoding = 4; lastKnownFileType = file.xib; path = GZMLoginViewController.xib; sourceTree = "<group>"; };
		156DDB2A1ECB6DC20050F037 /* registedViewController.h */ = {isa = PBXFileReference; fileEncoding = 4; lastKnownFileType = sourcecode.c.h; path = registedViewController.h; sourceTree = "<group>"; };
		156DDB2B1ECB6DC20050F037 /* registedViewController.m */ = {isa = PBXFileReference; fileEncoding = 4; lastKnownFileType = sourcecode.c.objc; path = registedViewController.m; sourceTree = "<group>"; };
		156DDB311ECE4EAC0050F037 /* registedViewController.xib */ = {isa = PBXFileReference; fileEncoding = 4; lastKnownFileType = file.xib; path = registedViewController.xib; sourceTree = "<group>"; };
		157415C51EF08CDE00B2513E /* GZMTableView.h */ = {isa = PBXFileReference; fileEncoding = 4; lastKnownFileType = sourcecode.c.h; path = GZMTableView.h; sourceTree = "<group>"; };
		157415C61EF08CDE00B2513E /* GZMTableView.m */ = {isa = PBXFileReference; fileEncoding = 4; lastKnownFileType = sourcecode.c.objc; path = GZMTableView.m; sourceTree = "<group>"; };
		157415C81EF094EC00B2513E /* GZMIPTableViewCell.h */ = {isa = PBXFileReference; fileEncoding = 4; lastKnownFileType = sourcecode.c.h; path = GZMIPTableViewCell.h; sourceTree = "<group>"; };
		157415C91EF094EC00B2513E /* GZMIPTableViewCell.m */ = {isa = PBXFileReference; fileEncoding = 4; lastKnownFileType = sourcecode.c.objc; path = GZMIPTableViewCell.m; sourceTree = "<group>"; };
		157415CA1EF094EC00B2513E /* GZMIPTableViewCell.xib */ = {isa = PBXFileReference; fileEncoding = 4; lastKnownFileType = file.xib; path = GZMIPTableViewCell.xib; sourceTree = "<group>"; };
		157415CE1EF09E5700B2513E /* YaoqingView.h */ = {isa = PBXFileReference; fileEncoding = 4; lastKnownFileType = sourcecode.c.h; path = YaoqingView.h; sourceTree = "<group>"; };
		157415CF1EF09E5700B2513E /* YaoqingView.m */ = {isa = PBXFileReference; fileEncoding = 4; lastKnownFileType = sourcecode.c.objc; path = YaoqingView.m; sourceTree = "<group>"; };
		157415D21EF1ACD600B2513E /* GZMequipmentView.h */ = {isa = PBXFileReference; fileEncoding = 4; lastKnownFileType = sourcecode.c.h; path = GZMequipmentView.h; sourceTree = "<group>"; };
		157415D31EF1ACD600B2513E /* GZMequipmentView.m */ = {isa = PBXFileReference; fileEncoding = 4; lastKnownFileType = sourcecode.c.objc; path = GZMequipmentView.m; sourceTree = "<group>"; };
		157415D51EF345C800B2513E /* GZMMeActiveViewController.h */ = {isa = PBXFileReference; fileEncoding = 4; lastKnownFileType = sourcecode.c.h; path = GZMMeActiveViewController.h; sourceTree = "<group>"; };
		157415D61EF345C800B2513E /* GZMMeActiveViewController.m */ = {isa = PBXFileReference; fileEncoding = 4; lastKnownFileType = sourcecode.c.objc; path = GZMMeActiveViewController.m; sourceTree = "<group>"; };
		1579B8E81ED5F8E3000325FC /* GZMForgetViewController.h */ = {isa = PBXFileReference; fileEncoding = 4; lastKnownFileType = sourcecode.c.h; path = GZMForgetViewController.h; sourceTree = "<group>"; };
		1579B8E91ED5F8E3000325FC /* GZMForgetViewController.m */ = {isa = PBXFileReference; fileEncoding = 4; lastKnownFileType = sourcecode.c.objc; path = GZMForgetViewController.m; sourceTree = "<group>"; };
		1579B8EA1ED5F8E3000325FC /* GZMForgetViewController.xib */ = {isa = PBXFileReference; fileEncoding = 4; lastKnownFileType = file.xib; path = GZMForgetViewController.xib; sourceTree = "<group>"; };
		1579B9461ED64732000325FC /* GZMZongViewController.h */ = {isa = PBXFileReference; fileEncoding = 4; lastKnownFileType = sourcecode.c.h; path = GZMZongViewController.h; sourceTree = "<group>"; };
		1579B9471ED64732000325FC /* GZMZongViewController.m */ = {isa = PBXFileReference; fileEncoding = 4; lastKnownFileType = sourcecode.c.objc; path = GZMZongViewController.m; sourceTree = "<group>"; };
		1579B94C1ED64732000325FC /* GZMProjectViewController.h */ = {isa = PBXFileReference; fileEncoding = 4; lastKnownFileType = sourcecode.c.h; path = GZMProjectViewController.h; sourceTree = "<group>"; };
		1579B94D1ED64732000325FC /* GZMProjectViewController.m */ = {isa = PBXFileReference; fileEncoding = 4; lastKnownFileType = sourcecode.c.objc; path = GZMProjectViewController.m; sourceTree = "<group>"; };
		1579B94F1ED64732000325FC /* GZMProjectModel.h */ = {isa = PBXFileReference; fileEncoding = 4; lastKnownFileType = sourcecode.c.h; path = GZMProjectModel.h; sourceTree = "<group>"; };
		1579B9501ED64732000325FC /* GZMProjectModel.m */ = {isa = PBXFileReference; fileEncoding = 4; lastKnownFileType = sourcecode.c.objc; path = GZMProjectModel.m; sourceTree = "<group>"; };
		1579B9521ED64732000325FC /* GZmprojectTableViewCell.h */ = {isa = PBXFileReference; fileEncoding = 4; lastKnownFileType = sourcecode.c.h; path = GZmprojectTableViewCell.h; sourceTree = "<group>"; };
		1579B9531ED64732000325FC /* GZmprojectTableViewCell.m */ = {isa = PBXFileReference; fileEncoding = 4; lastKnownFileType = sourcecode.c.objc; path = GZmprojectTableViewCell.m; sourceTree = "<group>"; };
		1579B9541ED64732000325FC /* GZmprojectTableViewCell.xib */ = {isa = PBXFileReference; fileEncoding = 4; lastKnownFileType = file.xib; path = GZmprojectTableViewCell.xib; sourceTree = "<group>"; };
		1579B95B1ED647B0000325FC /* GZMequipmentViewController.h */ = {isa = PBXFileReference; fileEncoding = 4; lastKnownFileType = sourcecode.c.h; path = GZMequipmentViewController.h; sourceTree = "<group>"; };
		1579B95C1ED647B0000325FC /* GZMequipmentViewController.m */ = {isa = PBXFileReference; fileEncoding = 4; lastKnownFileType = sourcecode.c.objc; path = GZMequipmentViewController.m; sourceTree = "<group>"; };
		1579B95E1ED66154000325FC /* GZMdetailProjectViewController.h */ = {isa = PBXFileReference; fileEncoding = 4; lastKnownFileType = sourcecode.c.h; path = GZMdetailProjectViewController.h; sourceTree = "<group>"; };
		1579B95F1ED66154000325FC /* GZMdetailProjectViewController.m */ = {isa = PBXFileReference; fileEncoding = 4; lastKnownFileType = sourcecode.c.objc; path = GZMdetailProjectViewController.m; sourceTree = "<group>"; };
		1579B9601ED66154000325FC /* GZMdetailProjectViewController.xib */ = {isa = PBXFileReference; fileEncoding = 4; lastKnownFileType = file.xib; path = GZMdetailProjectViewController.xib; sourceTree = "<group>"; };
		1579B9631ED73ED1000325FC /* GZMCreatViewController.h */ = {isa = PBXFileReference; fileEncoding = 4; lastKnownFileType = sourcecode.c.h; path = GZMCreatViewController.h; sourceTree = "<group>"; };
		1579B9641ED73ED1000325FC /* GZMCreatViewController.m */ = {isa = PBXFileReference; fileEncoding = 4; lastKnownFileType = sourcecode.c.objc; path = GZMCreatViewController.m; sourceTree = "<group>"; };
		1579B9651ED73ED1000325FC /* GZMCreatViewController.xib */ = {isa = PBXFileReference; fileEncoding = 4; lastKnownFileType = file.xib; path = GZMCreatViewController.xib; sourceTree = "<group>"; };
		1579B9681ED75025000325FC /* GZMActivationViewController.h */ = {isa = PBXFileReference; fileEncoding = 4; lastKnownFileType = sourcecode.c.h; path = GZMActivationViewController.h; sourceTree = "<group>"; };
		1579B9691ED75025000325FC /* GZMActivationViewController.m */ = {isa = PBXFileReference; fileEncoding = 4; lastKnownFileType = sourcecode.c.objc; path = GZMActivationViewController.m; sourceTree = "<group>"; };
		1579B96B1ED7545C000325FC /* GZMActiveTableViewCell.h */ = {isa = PBXFileReference; fileEncoding = 4; lastKnownFileType = sourcecode.c.h; path = GZMActiveTableViewCell.h; sourceTree = "<group>"; };
		1579B96C1ED7545C000325FC /* GZMActiveTableViewCell.m */ = {isa = PBXFileReference; fileEncoding = 4; lastKnownFileType = sourcecode.c.objc; path = GZMActiveTableViewCell.m; sourceTree = "<group>"; };
		1579B96D1ED7545C000325FC /* GZMActiveTableViewCell.xib */ = {isa = PBXFileReference; fileEncoding = 4; lastKnownFileType = file.xib; path = GZMActiveTableViewCell.xib; sourceTree = "<group>"; };
		1579B9701ED7633A000325FC /* GZMCreatActiveViewController.h */ = {isa = PBXFileReference; fileEncoding = 4; lastKnownFileType = sourcecode.c.h; path = GZMCreatActiveViewController.h; sourceTree = "<group>"; };
		1579B9711ED7633A000325FC /* GZMCreatActiveViewController.m */ = {isa = PBXFileReference; fileEncoding = 4; lastKnownFileType = sourcecode.c.objc; path = GZMCreatActiveViewController.m; sourceTree = "<group>"; };
		1579B9721ED7633A000325FC /* GZMCreatActiveViewController.xib */ = {isa = PBXFileReference; fileEncoding = 4; lastKnownFileType = file.xib; path = GZMCreatActiveViewController.xib; sourceTree = "<group>"; };
		1579B9751ED89A55000325FC /* ActiveModel.h */ = {isa = PBXFileReference; fileEncoding = 4; lastKnownFileType = sourcecode.c.h; path = ActiveModel.h; sourceTree = "<group>"; };
		1579B9761ED89A55000325FC /* ActiveModel.m */ = {isa = PBXFileReference; fileEncoding = 4; lastKnownFileType = sourcecode.c.objc; path = ActiveModel.m; sourceTree = "<group>"; };
		1587977E1EAFEF6100DA40CF /* gzmObject.app */ = {isa = PBXFileReference; explicitFileType = wrapper.application; includeInIndex = 0; path = gzmObject.app; sourceTree = BUILT_PRODUCTS_DIR; };
		158797821EAFEF6100DA40CF /* main.m */ = {isa = PBXFileReference; lastKnownFileType = sourcecode.c.objc; path = main.m; sourceTree = "<group>"; };
		1587978B1EAFEF6100DA40CF /* Base */ = {isa = PBXFileReference; lastKnownFileType = file.storyboard; name = Base; path = Base.lproj/Main.storyboard; sourceTree = "<group>"; };
		1587978D1EAFEF6100DA40CF /* Assets.xcassets */ = {isa = PBXFileReference; lastKnownFileType = folder.assetcatalog; path = Assets.xcassets; sourceTree = "<group>"; };
		158797901EAFEF6100DA40CF /* Base */ = {isa = PBXFileReference; lastKnownFileType = file.storyboard; name = Base; path = Base.lproj/LaunchScreen.storyboard; sourceTree = "<group>"; };
		158797921EAFEF6100DA40CF /* Info.plist */ = {isa = PBXFileReference; lastKnownFileType = text.plist.xml; path = Info.plist; sourceTree = "<group>"; };
		158797971EAFEF6100DA40CF /* gzmObjectTests.xctest */ = {isa = PBXFileReference; explicitFileType = wrapper.cfbundle; includeInIndex = 0; path = gzmObjectTests.xctest; sourceTree = BUILT_PRODUCTS_DIR; };
		1587979B1EAFEF6100DA40CF /* gzmObjectTests.m */ = {isa = PBXFileReference; lastKnownFileType = sourcecode.c.objc; path = gzmObjectTests.m; sourceTree = "<group>"; };
		1587979D1EAFEF6100DA40CF /* Info.plist */ = {isa = PBXFileReference; lastKnownFileType = text.plist.xml; path = Info.plist; sourceTree = "<group>"; };
		158797A21EAFEF6100DA40CF /* gzmObjectUITests.xctest */ = {isa = PBXFileReference; explicitFileType = wrapper.cfbundle; includeInIndex = 0; path = gzmObjectUITests.xctest; sourceTree = BUILT_PRODUCTS_DIR; };
		158797A61EAFEF6100DA40CF /* gzmObjectUITests.m */ = {isa = PBXFileReference; lastKnownFileType = sourcecode.c.objc; path = gzmObjectUITests.m; sourceTree = "<group>"; };
		158797A81EAFEF6100DA40CF /* Info.plist */ = {isa = PBXFileReference; lastKnownFileType = text.plist.xml; path = Info.plist; sourceTree = "<group>"; };
		158797C21EB027C800DA40CF /* FatherViewController.h */ = {isa = PBXFileReference; fileEncoding = 4; lastKnownFileType = sourcecode.c.h; path = FatherViewController.h; sourceTree = "<group>"; };
		158797C31EB027C800DA40CF /* FatherViewController.m */ = {isa = PBXFileReference; fileEncoding = 4; lastKnownFileType = sourcecode.c.objc; path = FatherViewController.m; sourceTree = "<group>"; };
		158797C41EB027C800DA40CF /* withTableviewViewController.h */ = {isa = PBXFileReference; fileEncoding = 4; lastKnownFileType = sourcecode.c.h; path = withTableviewViewController.h; sourceTree = "<group>"; };
		158797C51EB027C800DA40CF /* withTableviewViewController.m */ = {isa = PBXFileReference; fileEncoding = 4; lastKnownFileType = sourcecode.c.objc; path = withTableviewViewController.m; sourceTree = "<group>"; };
		158797CA1EB02C8400DA40CF /* NSArray+GZM.h */ = {isa = PBXFileReference; fileEncoding = 4; lastKnownFileType = sourcecode.c.h; path = "NSArray+GZM.h"; sourceTree = "<group>"; };
		158797CB1EB02C8400DA40CF /* NSArray+GZM.m */ = {isa = PBXFileReference; fileEncoding = 4; lastKnownFileType = sourcecode.c.objc; path = "NSArray+GZM.m"; sourceTree = "<group>"; };
		158797CC1EB02C8400DA40CF /* NSDictionary+GZM.h */ = {isa = PBXFileReference; fileEncoding = 4; lastKnownFileType = sourcecode.c.h; path = "NSDictionary+GZM.h"; sourceTree = "<group>"; };
		158797CD1EB02C8400DA40CF /* NSDictionary+GZM.m */ = {isa = PBXFileReference; fileEncoding = 4; lastKnownFileType = sourcecode.c.objc; path = "NSDictionary+GZM.m"; sourceTree = "<group>"; };
		158797CE1EB02C8400DA40CF /* NSString+GZM.h */ = {isa = PBXFileReference; fileEncoding = 4; lastKnownFileType = sourcecode.c.h; path = "NSString+GZM.h"; sourceTree = "<group>"; };
		158797CF1EB02C8400DA40CF /* NSString+GZM.m */ = {isa = PBXFileReference; fileEncoding = 4; lastKnownFileType = sourcecode.c.objc; path = "NSString+GZM.m"; sourceTree = "<group>"; };
		158797D01EB02C8400DA40CF /* UIActivityIndicatorView+GZM.h */ = {isa = PBXFileReference; fileEncoding = 4; lastKnownFileType = sourcecode.c.h; path = "UIActivityIndicatorView+GZM.h"; sourceTree = "<group>"; };
		158797D11EB02C8400DA40CF /* UIActivityIndicatorView+GZM.m */ = {isa = PBXFileReference; fileEncoding = 4; lastKnownFileType = sourcecode.c.objc; path = "UIActivityIndicatorView+GZM.m"; sourceTree = "<group>"; };
		158797D21EB02C8400DA40CF /* UIButton+GZM.h */ = {isa = PBXFileReference; fileEncoding = 4; lastKnownFileType = sourcecode.c.h; path = "UIButton+GZM.h"; sourceTree = "<group>"; };
		158797D31EB02C8400DA40CF /* UIButton+GZM.m */ = {isa = PBXFileReference; fileEncoding = 4; lastKnownFileType = sourcecode.c.objc; path = "UIButton+GZM.m"; sourceTree = "<group>"; };
		158797D41EB02C8400DA40CF /* UIColor+GZM.h */ = {isa = PBXFileReference; fileEncoding = 4; lastKnownFileType = sourcecode.c.h; path = "UIColor+GZM.h"; sourceTree = "<group>"; };
		158797D51EB02C8400DA40CF /* UIColor+GZM.m */ = {isa = PBXFileReference; fileEncoding = 4; lastKnownFileType = sourcecode.c.objc; path = "UIColor+GZM.m"; sourceTree = "<group>"; };
		158797D61EB02C8400DA40CF /* UIImage+GZM.h */ = {isa = PBXFileReference; fileEncoding = 4; lastKnownFileType = sourcecode.c.h; path = "UIImage+GZM.h"; sourceTree = "<group>"; };
		158797D71EB02C8400DA40CF /* UIImage+GZM.m */ = {isa = PBXFileReference; fileEncoding = 4; lastKnownFileType = sourcecode.c.objc; path = "UIImage+GZM.m"; sourceTree = "<group>"; };
		158797D81EB02C8400DA40CF /* UIImageView+GZM.h */ = {isa = PBXFileReference; fileEncoding = 4; lastKnownFileType = sourcecode.c.h; path = "UIImageView+GZM.h"; sourceTree = "<group>"; };
		158797D91EB02C8400DA40CF /* UIImageView+GZM.m */ = {isa = PBXFileReference; fileEncoding = 4; lastKnownFileType = sourcecode.c.objc; path = "UIImageView+GZM.m"; sourceTree = "<group>"; };
		158797DA1EB02C8400DA40CF /* UILabel+GZMlable.h */ = {isa = PBXFileReference; fileEncoding = 4; lastKnownFileType = sourcecode.c.h; path = "UILabel+GZMlable.h"; sourceTree = "<group>"; };
		158797DB1EB02C8400DA40CF /* UILabel+GZMlable.m */ = {isa = PBXFileReference; fileEncoding = 4; lastKnownFileType = sourcecode.c.objc; path = "UILabel+GZMlable.m"; sourceTree = "<group>"; };
		158797DC1EB02C8400DA40CF /* UITextView+GZM.h */ = {isa = PBXFileReference; fileEncoding = 4; lastKnownFileType = sourcecode.c.h; path = "UITextView+GZM.h"; sourceTree = "<group>"; };
		158797DD1EB02C8400DA40CF /* UITextView+GZM.m */ = {isa = PBXFileReference; fileEncoding = 4; lastKnownFileType = sourcecode.c.objc; path = "UITextView+GZM.m"; sourceTree = "<group>"; };
		158797EB1EB02DE300DA40CF /* UIView+SYFrame.h */ = {isa = PBXFileReference; fileEncoding = 4; lastKnownFileType = sourcecode.c.h; path = "UIView+SYFrame.h"; sourceTree = "<group>"; };
		158797EC1EB02DE300DA40CF /* UIView+SYFrame.m */ = {isa = PBXFileReference; fileEncoding = 4; lastKnownFileType = sourcecode.c.objc; path = "UIView+SYFrame.m"; sourceTree = "<group>"; };
		15E5D7DD1EE07CF00040172E /* ChangePasswordViewController.h */ = {isa = PBXFileReference; fileEncoding = 4; lastKnownFileType = sourcecode.c.h; path = ChangePasswordViewController.h; sourceTree = "<group>"; };
		15E5D7DE1EE07CF00040172E /* ChangePasswordViewController.m */ = {isa = PBXFileReference; fileEncoding = 4; lastKnownFileType = sourcecode.c.objc; path = ChangePasswordViewController.m; sourceTree = "<group>"; };
		15E5D7DF1EE07CF00040172E /* ChangePasswordViewController.xib */ = {isa = PBXFileReference; fileEncoding = 4; lastKnownFileType = file.xib; path = ChangePasswordViewController.xib; sourceTree = "<group>"; };
		15E5D7E21EE084440040172E /* GZMChangeencryptedViewController.h */ = {isa = PBXFileReference; fileEncoding = 4; lastKnownFileType = sourcecode.c.h; path = GZMChangeencryptedViewController.h; sourceTree = "<group>"; };
		15E5D7E31EE084440040172E /* GZMChangeencryptedViewController.m */ = {isa = PBXFileReference; fileEncoding = 4; lastKnownFileType = sourcecode.c.objc; path = GZMChangeencryptedViewController.m; sourceTree = "<group>"; };
		15E5D7E41EE084440040172E /* GZMChangeencryptedViewController.xib */ = {isa = PBXFileReference; fileEncoding = 4; lastKnownFileType = file.xib; path = GZMChangeencryptedViewController.xib; sourceTree = "<group>"; };
		15E5D7E71EE0C2310040172E /* GZMChnageOneencryptedViewController.h */ = {isa = PBXFileReference; fileEncoding = 4; lastKnownFileType = sourcecode.c.h; path = GZMChnageOneencryptedViewController.h; sourceTree = "<group>"; };
		15E5D7E81EE0C2310040172E /* GZMChnageOneencryptedViewController.m */ = {isa = PBXFileReference; fileEncoding = 4; lastKnownFileType = sourcecode.c.objc; path = GZMChnageOneencryptedViewController.m; sourceTree = "<group>"; };
		15E5D7E91EE0C2310040172E /* GZMChnageOneencryptedViewController.xib */ = {isa = PBXFileReference; fileEncoding = 4; lastKnownFileType = file.xib; path = GZMChnageOneencryptedViewController.xib; sourceTree = "<group>"; };
		15E5D7EC1EE0CAFD0040172E /* GZMperSonMessageViewController.h */ = {isa = PBXFileReference; fileEncoding = 4; lastKnownFileType = sourcecode.c.h; path = GZMperSonMessageViewController.h; sourceTree = "<group>"; };
		15E5D7ED1EE0CAFD0040172E /* GZMperSonMessageViewController.m */ = {isa = PBXFileReference; fileEncoding = 4; lastKnownFileType = sourcecode.c.objc; path = GZMperSonMessageViewController.m; sourceTree = "<group>"; };
		15E5D7EE1EE0CAFD0040172E /* GZMperSonMessageViewController.xib */ = {isa = PBXFileReference; fileEncoding = 4; lastKnownFileType = file.xib; path = GZMperSonMessageViewController.xib; sourceTree = "<group>"; };
		9568F3247A7056AEF5115234 /* Pods-gzmObject.release.xcconfig */ = {isa = PBXFileReference; includeInIndex = 1; lastKnownFileType = text.xcconfig; name = "Pods-gzmObject.release.xcconfig"; path = "Pods/Target Support Files/Pods-gzmObject/Pods-gzmObject.release.xcconfig"; sourceTree = "<group>"; };
		A79306C1D935AE284618FC12 /* Pods-gzmObject.debug.xcconfig */ = {isa = PBXFileReference; includeInIndex = 1; lastKnownFileType = text.xcconfig; name = "Pods-gzmObject.debug.xcconfig"; path = "Pods/Target Support Files/Pods-gzmObject/Pods-gzmObject.debug.xcconfig"; sourceTree = "<group>"; };
		ADB4F17963CABA003DDAEB3A /* libPods-gzmObject.a */ = {isa = PBXFileReference; explicitFileType = archive.ar; includeInIndex = 0; path = "libPods-gzmObject.a"; sourceTree = BUILT_PRODUCTS_DIR; };
/* End PBXFileReference section */

/* Begin PBXFrameworksBuildPhase section */
		1587977B1EAFEF6000DA40CF /* Frameworks */ = {
			isa = PBXFrameworksBuildPhase;
			buildActionMask = 2147483647;
			files = (
				F3A25B0F93C6F2AE90B79CE1 /* libPods-gzmObject.a in Frameworks */,
			);
			runOnlyForDeploymentPostprocessing = 0;
		};
		158797941EAFEF6100DA40CF /* Frameworks */ = {
			isa = PBXFrameworksBuildPhase;
			buildActionMask = 2147483647;
			files = (
			);
			runOnlyForDeploymentPostprocessing = 0;
		};
		1587979F1EAFEF6100DA40CF /* Frameworks */ = {
			isa = PBXFrameworksBuildPhase;
			buildActionMask = 2147483647;
			files = (
			);
			runOnlyForDeploymentPostprocessing = 0;
		};
/* End PBXFrameworksBuildPhase section */

/* Begin PBXGroup section */
		1505E12A1EB14DFB00C61DFC /* 头文件 */ = {
			isa = PBXGroup;
			children = (
				1505E12C1EB14E3800C61DFC /* GZMApi.h */,
				1505E12D1EB14E6300C61DFC /* notification.h */,
				1505E12E1EB14E8C00C61DFC /* GZMCAtegory.h */,
				1505E12F1EB14FAE00C61DFC /* ThreePart.h */,
				1505E1511EB15D9400C61DFC /* GZMSecret.h */,
				15657E871EE8C39500F92365 /* GZMConfig.h */,
			);
			path = "头文件";
			sourceTree = "<group>";
		};
		1505E1301EB15A0300C61DFC /* GZMView */ = {
			isa = PBXGroup;
			children = (
				1505E1311EB15A0300C61DFC /* AlerYangShi.h */,
				1505E1321EB15A0300C61DFC /* AlerYangShi.m */,
				1505E1331EB15A0300C61DFC /* downLoadView.h */,
				1505E1341EB15A0300C61DFC /* downLoadView.m */,
				1505E1351EB15A0300C61DFC /* FileUtils.h */,
				1505E1361EB15A0300C61DFC /* FileUtils.m */,
				1505E1371EB15A0300C61DFC /* GZMAlertView.h */,
				1505E1381EB15A0300C61DFC /* GZMAlertView.m */,
				1505E1391EB15A0300C61DFC /* warnIngView.h */,
				1505E13A1EB15A0300C61DFC /* warnIngView.m */,
				1505E13B1EB15A0300C61DFC /* XLWave.h */,
				1505E13C1EB15A0300C61DFC /* XLWave.m */,
				1505E13D1EB15A0300C61DFC /* XLWaveProgress.h */,
				1505E13E1EB15A0300C61DFC /* XLWaveProgress.m */,
				1505E13F1EB15A0300C61DFC /* ZJModelTool.h */,
				1505E1401EB15A0300C61DFC /* ZJModelTool.m */,
				1505E14D1EB15C4900C61DFC /* LoadIngView.h */,
				1505E14E1EB15C4900C61DFC /* LoadIngView.m */,
				150D01401EDA3B9E004D97A1 /* leftButton.h */,
				150D01411EDA3B9E004D97A1 /* leftButton.m */,
				150D01461EDA4C13004D97A1 /* tableVIew.h */,
				150D01471EDA4C13004D97A1 /* tableVIew.m */,
				157415C51EF08CDE00B2513E /* GZMTableView.h */,
				157415C61EF08CDE00B2513E /* GZMTableView.m */,
				150D01561EDFA2C5004D97A1 /* GZMpickerView.h */,
				150D01571EDFA2C5004D97A1 /* GZMpickerView.m */,
				150D01501EDF8A34004D97A1 /* simpleTableVIew.h */,
				150D01511EDF8A34004D97A1 /* simpleTableVIew.m */,
			);
			path = GZMView;
			sourceTree = "<group>";
		};
		1505E1491EB15B6100C61DFC /* request（请求） */ = {
			isa = PBXGroup;
			children = (
				1505E14A1EB15B6100C61DFC /* RequestTool.h */,
				1505E14B1EB15B6100C61DFC /* RequestTool.m */,
			);
			path = "request（请求）";
			sourceTree = "<group>";
		};
		1505E1551EB27B5500C61DFC /* applicition */ = {
			isa = PBXGroup;
			children = (
				1505E1561EB27B5500C61DFC /* AppDelegate.h */,
				1505E1571EB27B5500C61DFC /* AppDelegate.m */,
				1505E15C1EB27BA100C61DFC /* GZMRootViewController.h */,
				1505E15D1EB27BA100C61DFC /* GZMRootViewController.m */,
				1505E16C1EB2C0E900C61DFC /* GZMTabbatViewController.h */,
				1505E16D1EB2C0E900C61DFC /* GZMTabbatViewController.m */,
				1505E1641EB2B10700C61DFC /* onrViewController.h */,
				1505E1651EB2B10700C61DFC /* onrViewController.m */,
				1505E1661EB2B10700C61DFC /* onrViewController.xib */,
				1505E1581EB27B5500C61DFC /* ViewController.h */,
				1505E1591EB27B5500C61DFC /* ViewController.m */,
			);
			path = applicition;
			sourceTree = "<group>";
		};
		150D01371ED8AB8C004D97A1 /* View */ = {
			isa = PBXGroup;
			children = (
			);
			path = View;
			sourceTree = "<group>";
		};
		150D01381ED8AB8C004D97A1 /* model */ = {
			isa = PBXGroup;
			children = (
				150BBD9F1EE1DB9A0010A8D1 /* UserModel.h */,
				150BBDA01EE1DB9A0010A8D1 /* UserModel.m */,
			);
			path = model;
			sourceTree = "<group>";
		};
		150D01391ED8AB8C004D97A1 /* controller */ = {
			isa = PBXGroup;
			children = (
				150D013A1ED8AB8C004D97A1 /* GZMMyViewController.h */,
				150D013B1ED8AB8C004D97A1 /* GZMMyViewController.m */,
				150D014B1EDF7C01004D97A1 /* GZMMyViewController.xib */,
				150D014D1EDF8491004D97A1 /* GZmSettingViewController.h */,
				150D014E1EDF8491004D97A1 /* GZmSettingViewController.m */,
				15E5D7EC1EE0CAFD0040172E /* GZMperSonMessageViewController.h */,
				15E5D7ED1EE0CAFD0040172E /* GZMperSonMessageViewController.m */,
				15E5D7EE1EE0CAFD0040172E /* GZMperSonMessageViewController.xib */,
				150D01531EDF9A8E004D97A1 /* GZMpassWordSecurityViewController.h */,
				150D01541EDF9A8E004D97A1 /* GZMpassWordSecurityViewController.m */,
				15E5D7DD1EE07CF00040172E /* ChangePasswordViewController.h */,
				15E5D7DE1EE07CF00040172E /* ChangePasswordViewController.m */,
				15E5D7DF1EE07CF00040172E /* ChangePasswordViewController.xib */,
				15E5D7E71EE0C2310040172E /* GZMChnageOneencryptedViewController.h */,
				15E5D7E81EE0C2310040172E /* GZMChnageOneencryptedViewController.m */,
				15E5D7E91EE0C2310040172E /* GZMChnageOneencryptedViewController.xib */,
				15E5D7E21EE084440040172E /* GZMChangeencryptedViewController.h */,
				15E5D7E31EE084440040172E /* GZMChangeencryptedViewController.m */,
				15E5D7E41EE084440040172E /* GZMChangeencryptedViewController.xib */,
			);
			path = controller;
			sourceTree = "<group>";
		};
		156DDB241ECB6CC20050F037 /* Login */ = {
			isa = PBXGroup;
			children = (
				156DDB251ECB6CC20050F037 /* GZMLoginViewController.h */,
				156DDB261ECB6CC20050F037 /* GZMLoginViewController.m */,
				156DDB271ECB6CC20050F037 /* GZMLoginViewController.xib */,
				156DDB2A1ECB6DC20050F037 /* registedViewController.h */,
				156DDB2B1ECB6DC20050F037 /* registedViewController.m */,
				156DDB311ECE4EAC0050F037 /* registedViewController.xib */,
				1579B8E81ED5F8E3000325FC /* GZMForgetViewController.h */,
				1579B8E91ED5F8E3000325FC /* GZMForgetViewController.m */,
				1579B8EA1ED5F8E3000325FC /* GZMForgetViewController.xib */,
			);
			path = Login;
			sourceTree = "<group>";
		};
		157415CD1EF09E0F00B2513E /* proView */ = {
			isa = PBXGroup;
			children = (
				157415CE1EF09E5700B2513E /* YaoqingView.h */,
				157415CF1EF09E5700B2513E /* YaoqingView.m */,
			);
			name = proView;
			sourceTree = "<group>";
		};
		157415D11EF1AA7F00B2513E /* equipmentView */ = {
			isa = PBXGroup;
			children = (
				157415D21EF1ACD600B2513E /* GZMequipmentView.h */,
				157415D31EF1ACD600B2513E /* GZMequipmentView.m */,
			);
			name = equipmentView;
			sourceTree = "<group>";
		};
		1579B93C1ED64732000325FC /* 设备列表 */ = {
			isa = PBXGroup;
			children = (
				1579B93D1ED64732000325FC /* controller */,
				1579B93E1ED64732000325FC /* model */,
				1579B93F1ED64732000325FC /* view */,
			);
			path = "设备列表";
			sourceTree = "<group>";
		};
		1579B93D1ED64732000325FC /* controller */ = {
			isa = PBXGroup;
			children = (
				1579B95B1ED647B0000325FC /* GZMequipmentViewController.h */,
				1579B95C1ED647B0000325FC /* GZMequipmentViewController.m */,
				15657E811EE8A35C00F92365 /* GZMDetailEuimentViewController.h */,
				15657E821EE8A35C00F92365 /* GZMDetailEuimentViewController.m */,
				15657E831EE8A35C00F92365 /* GZMDetailEuimentViewController.xib */,
				157415D51EF345C800B2513E /* GZMMeActiveViewController.h */,
				157415D61EF345C800B2513E /* GZMMeActiveViewController.m */,
			);
			path = controller;
			sourceTree = "<group>";
		};
		1579B93E1ED64732000325FC /* model */ = {
			isa = PBXGroup;
			children = (
				15657E6E1EE605ED00F92365 /* GZMEqupmenttionMOdel.h */,
				15657E6F1EE605ED00F92365 /* GZMEqupmenttionMOdel.m */,
			);
			path = model;
			sourceTree = "<group>";
		};
		1579B93F1ED64732000325FC /* view */ = {
			isa = PBXGroup;
			children = (
				157415D11EF1AA7F00B2513E /* equipmentView */,
				15657E711EE606B300F92365 /* GZmEquentTableViewCell.h */,
				15657E721EE606B300F92365 /* GZmEquentTableViewCell.m */,
				15657E731EE606B300F92365 /* GZmEquentTableViewCell.xib */,
				157415C81EF094EC00B2513E /* GZMIPTableViewCell.h */,
				157415C91EF094EC00B2513E /* GZMIPTableViewCell.m */,
				157415CA1EF094EC00B2513E /* GZMIPTableViewCell.xib */,
			);
			path = view;
			sourceTree = "<group>";
		};
		1579B9401ED64732000325FC /* 我的 */ = {
			isa = PBXGroup;
			children = (
				150D01391ED8AB8C004D97A1 /* controller */,
				150D01371ED8AB8C004D97A1 /* View */,
				150D01381ED8AB8C004D97A1 /* model */,
			);
			path = "我的";
			sourceTree = "<group>";
		};
		1579B9441ED64732000325FC /* GZMactive */ = {
			isa = PBXGroup;
			children = (
				1579B9451ED64732000325FC /* controller */,
				1579B9481ED64732000325FC /* model */,
				1579B9491ED64732000325FC /* view */,
			);
			path = GZMactive;
			sourceTree = "<group>";
		};
		1579B9451ED64732000325FC /* controller */ = {
			isa = PBXGroup;
			children = (
				1579B9461ED64732000325FC /* GZMZongViewController.h */,
				1579B9471ED64732000325FC /* GZMZongViewController.m */,
			);
			path = controller;
			sourceTree = "<group>";
		};
		1579B9481ED64732000325FC /* model */ = {
			isa = PBXGroup;
			children = (
			);
			path = model;
			sourceTree = "<group>";
		};
		1579B9491ED64732000325FC /* view */ = {
			isa = PBXGroup;
			children = (
			);
			path = view;
			sourceTree = "<group>";
		};
		1579B94A1ED64732000325FC /* Project（项目） */ = {
			isa = PBXGroup;
			children = (
				1579B94B1ED64732000325FC /* controller */,
				1579B94E1ED64732000325FC /* MOdel */,
				1579B9511ED64732000325FC /* View */,
			);
			path = "Project（项目）";
			sourceTree = "<group>";
		};
		1579B94B1ED64732000325FC /* controller */ = {
			isa = PBXGroup;
			children = (
				1579B94C1ED64732000325FC /* GZMProjectViewController.h */,
				1579B94D1ED64732000325FC /* GZMProjectViewController.m */,
				1579B9631ED73ED1000325FC /* GZMCreatViewController.h */,
				1579B9641ED73ED1000325FC /* GZMCreatViewController.m */,
				1579B9651ED73ED1000325FC /* GZMCreatViewController.xib */,
				1579B95E1ED66154000325FC /* GZMdetailProjectViewController.h */,
				1579B95F1ED66154000325FC /* GZMdetailProjectViewController.m */,
				1579B9601ED66154000325FC /* GZMdetailProjectViewController.xib */,
				15657E6B1EE5E3B000F92365 /* GZMexampleViewController.h */,
				15657E6C1EE5E3B000F92365 /* GZMexampleViewController.m */,
				1579B9681ED75025000325FC /* GZMActivationViewController.h */,
				1579B9691ED75025000325FC /* GZMActivationViewController.m */,
				15657E761EE870DD00F92365 /* GZMActiveHistoryViewController.h */,
				15657E771EE870DD00F92365 /* GZMActiveHistoryViewController.m */,
				1579B9701ED7633A000325FC /* GZMCreatActiveViewController.h */,
				1579B9711ED7633A000325FC /* GZMCreatActiveViewController.m */,
				1579B9721ED7633A000325FC /* GZMCreatActiveViewController.xib */,
				150D013D1ED8F3B6004D97A1 /* GZMChangeProgectViewController.h */,
				150D013E1ED8F3B6004D97A1 /* GZMChangeProgectViewController.m */,
			);
			path = controller;
			sourceTree = "<group>";
		};
		1579B94E1ED64732000325FC /* MOdel */ = {
			isa = PBXGroup;
			children = (
				1579B94F1ED64732000325FC /* GZMProjectModel.h */,
				1579B9501ED64732000325FC /* GZMProjectModel.m */,
				1579B9751ED89A55000325FC /* ActiveModel.h */,
				1579B9761ED89A55000325FC /* ActiveModel.m */,
				15657E791EE87B7A00F92365 /* activeHistoryModel.h */,
				15657E7A1EE87B7A00F92365 /* activeHistoryModel.m */,
			);
			path = MOdel;
			sourceTree = "<group>";
		};
		1579B9511ED64732000325FC /* View */ = {
			isa = PBXGroup;
			children = (
				157415CD1EF09E0F00B2513E /* proView */,
				1579B9521ED64732000325FC /* GZmprojectTableViewCell.h */,
				1579B9531ED64732000325FC /* GZmprojectTableViewCell.m */,
				1579B9541ED64732000325FC /* GZmprojectTableViewCell.xib */,
				1579B96B1ED7545C000325FC /* GZMActiveTableViewCell.h */,
				1579B96C1ED7545C000325FC /* GZMActiveTableViewCell.m */,
				1579B96D1ED7545C000325FC /* GZMActiveTableViewCell.xib */,
				15657E7C1EE8809300F92365 /* GZmHistroyTableViewCell.h */,
				15657E7D1EE8809300F92365 /* GZmHistroyTableViewCell.m */,
				15657E7E1EE8809300F92365 /* GZmHistroyTableViewCell.xib */,
			);
			path = View;
			sourceTree = "<group>";
		};
		158797751EAFEF6000DA40CF = {
			isa = PBXGroup;
			children = (
				158797801EAFEF6100DA40CF /* gzmObject */,
				1587979A1EAFEF6100DA40CF /* gzmObjectTests */,
				158797A51EAFEF6100DA40CF /* gzmObjectUITests */,
				1587977F1EAFEF6100DA40CF /* Products */,
				6325D4A37F45FD21A3C5A36D /* Pods */,
				90E85DB76B89187A75D05016 /* Frameworks */,
			);
			sourceTree = "<group>";
		};
		1587977F1EAFEF6100DA40CF /* Products */ = {
			isa = PBXGroup;
			children = (
				1587977E1EAFEF6100DA40CF /* gzmObject.app */,
				158797971EAFEF6100DA40CF /* gzmObjectTests.xctest */,
				158797A21EAFEF6100DA40CF /* gzmObjectUITests.xctest */,
			);
			name = Products;
			sourceTree = "<group>";
		};
		158797801EAFEF6100DA40CF /* gzmObject */ = {
			isa = PBXGroup;
			children = (
				156DDB241ECB6CC20050F037 /* Login */,
				1505E1551EB27B5500C61DFC /* applicition */,
				158797C11EB027C800DA40CF /* father */,
				158797BC1EB023C600DA40CF /* Main */,
				158797BA1EB023C600DA40CF /* Other（其他） */,
				158797BB1EB023C600DA40CF /* Tool（工具） */,
				1587978A1EAFEF6100DA40CF /* Main.storyboard */,
				1587978D1EAFEF6100DA40CF /* Assets.xcassets */,
				1587978F1EAFEF6100DA40CF /* LaunchScreen.storyboard */,
				158797921EAFEF6100DA40CF /* Info.plist */,
				158797811EAFEF6100DA40CF /* Supporting Files */,
				1505E1291EB141A300C61DFC /* PrefixHeader.pch */,
			);
			path = gzmObject;
			sourceTree = "<group>";
		};
		158797811EAFEF6100DA40CF /* Supporting Files */ = {
			isa = PBXGroup;
			children = (
				158797821EAFEF6100DA40CF /* main.m */,
			);
			name = "Supporting Files";
			sourceTree = "<group>";
		};
		1587979A1EAFEF6100DA40CF /* gzmObjectTests */ = {
			isa = PBXGroup;
			children = (
				1587979B1EAFEF6100DA40CF /* gzmObjectTests.m */,
				1587979D1EAFEF6100DA40CF /* Info.plist */,
			);
			path = gzmObjectTests;
			sourceTree = "<group>";
		};
		158797A51EAFEF6100DA40CF /* gzmObjectUITests */ = {
			isa = PBXGroup;
			children = (
				158797A61EAFEF6100DA40CF /* gzmObjectUITests.m */,
				158797A81EAFEF6100DA40CF /* Info.plist */,
			);
			path = gzmObjectUITests;
			sourceTree = "<group>";
		};
		158797BA1EB023C600DA40CF /* Other（其他） */ = {
			isa = PBXGroup;
			children = (
				1505E1301EB15A0300C61DFC /* GZMView */,
				1505E12A1EB14DFB00C61DFC /* 头文件 */,
				158797C91EB02C8400DA40CF /* GZMCategory */,
			);
			name = "Other（其他）";
			path = "Classes/Other（其他）";
			sourceTree = "<group>";
		};
		158797BB1EB023C600DA40CF /* Tool（工具） */ = {
			isa = PBXGroup;
			children = (
				1505E1491EB15B6100C61DFC /* request（请求） */,
			);
			name = "Tool（工具）";
			path = "Classes/Tool（工具）";
			sourceTree = "<group>";
		};
		158797BC1EB023C600DA40CF /* Main */ = {
			isa = PBXGroup;
			children = (
				1579B93C1ED64732000325FC /* 设备列表 */,
				1579B9401ED64732000325FC /* 我的 */,
				1579B9441ED64732000325FC /* GZMactive */,
				1579B94A1ED64732000325FC /* Project（项目） */,
			);
			name = Main;
			path = Classes/Main;
			sourceTree = "<group>";
		};
		158797C11EB027C800DA40CF /* father */ = {
			isa = PBXGroup;
			children = (
				158797C21EB027C800DA40CF /* FatherViewController.h */,
				158797C31EB027C800DA40CF /* FatherViewController.m */,
				158797C41EB027C800DA40CF /* withTableviewViewController.h */,
				158797C51EB027C800DA40CF /* withTableviewViewController.m */,
			);
			path = father;
			sourceTree = "<group>";
		};
		158797C91EB02C8400DA40CF /* GZMCategory */ = {
			isa = PBXGroup;
			children = (
				158797CA1EB02C8400DA40CF /* NSArray+GZM.h */,
				158797CB1EB02C8400DA40CF /* NSArray+GZM.m */,
				158797CC1EB02C8400DA40CF /* NSDictionary+GZM.h */,
				158797CD1EB02C8400DA40CF /* NSDictionary+GZM.m */,
				158797CE1EB02C8400DA40CF /* NSString+GZM.h */,
				158797CF1EB02C8400DA40CF /* NSString+GZM.m */,
				158797D01EB02C8400DA40CF /* UIActivityIndicatorView+GZM.h */,
				158797D11EB02C8400DA40CF /* UIActivityIndicatorView+GZM.m */,
				158797D21EB02C8400DA40CF /* UIButton+GZM.h */,
				158797D31EB02C8400DA40CF /* UIButton+GZM.m */,
				158797D41EB02C8400DA40CF /* UIColor+GZM.h */,
				158797D51EB02C8400DA40CF /* UIColor+GZM.m */,
				158797D61EB02C8400DA40CF /* UIImage+GZM.h */,
				158797D71EB02C8400DA40CF /* UIImage+GZM.m */,
				158797D81EB02C8400DA40CF /* UIImageView+GZM.h */,
				158797D91EB02C8400DA40CF /* UIImageView+GZM.m */,
				158797DA1EB02C8400DA40CF /* UILabel+GZMlable.h */,
				158797DB1EB02C8400DA40CF /* UILabel+GZMlable.m */,
				158797DC1EB02C8400DA40CF /* UITextView+GZM.h */,
				158797DD1EB02C8400DA40CF /* UITextView+GZM.m */,
				156DDB1F1ECA27D60050F037 /* UITextField+GZM.h */,
				156DDB201ECA27D60050F037 /* UITextField+GZM.m */,
				158797EB1EB02DE300DA40CF /* UIView+SYFrame.h */,
				158797EC1EB02DE300DA40CF /* UIView+SYFrame.m */,
			);
			path = GZMCategory;
			sourceTree = "<group>";
		};
		6325D4A37F45FD21A3C5A36D /* Pods */ = {
			isa = PBXGroup;
			children = (
				A79306C1D935AE284618FC12 /* Pods-gzmObject.debug.xcconfig */,
				9568F3247A7056AEF5115234 /* Pods-gzmObject.release.xcconfig */,
			);
			name = Pods;
			sourceTree = "<group>";
		};
		90E85DB76B89187A75D05016 /* Frameworks */ = {
			isa = PBXGroup;
			children = (
				ADB4F17963CABA003DDAEB3A /* libPods-gzmObject.a */,
			);
			name = Frameworks;
			sourceTree = "<group>";
		};
/* End PBXGroup section */

/* Begin PBXNativeTarget section */
		1587977D1EAFEF6000DA40CF /* gzmObject */ = {
			isa = PBXNativeTarget;
			buildConfigurationList = 158797AB1EAFEF6100DA40CF /* Build configuration list for PBXNativeTarget "gzmObject" */;
			buildPhases = (
				340E3C566CBF8B86955D2E19 /* [CP] Check Pods Manifest.lock */,
				1587977A1EAFEF6000DA40CF /* Sources */,
				1587977B1EAFEF6000DA40CF /* Frameworks */,
				1587977C1EAFEF6000DA40CF /* Resources */,
				9F82124674B7B2B2CB0C95C0 /* [CP] Embed Pods Frameworks */,
				B9A596A167A9B91237F9FB74 /* [CP] Copy Pods Resources */,
			);
			buildRules = (
			);
			dependencies = (
			);
			name = gzmObject;
			productName = gzmObject;
			productReference = 1587977E1EAFEF6100DA40CF /* gzmObject.app */;
			productType = "com.apple.product-type.application";
		};
		158797961EAFEF6100DA40CF /* gzmObjectTests */ = {
			isa = PBXNativeTarget;
			buildConfigurationList = 158797AE1EAFEF6100DA40CF /* Build configuration list for PBXNativeTarget "gzmObjectTests" */;
			buildPhases = (
				158797931EAFEF6100DA40CF /* Sources */,
				158797941EAFEF6100DA40CF /* Frameworks */,
				158797951EAFEF6100DA40CF /* Resources */,
			);
			buildRules = (
			);
			dependencies = (
				158797991EAFEF6100DA40CF /* PBXTargetDependency */,
			);
			name = gzmObjectTests;
			productName = gzmObjectTests;
			productReference = 158797971EAFEF6100DA40CF /* gzmObjectTests.xctest */;
			productType = "com.apple.product-type.bundle.unit-test";
		};
		158797A11EAFEF6100DA40CF /* gzmObjectUITests */ = {
			isa = PBXNativeTarget;
			buildConfigurationList = 158797B11EAFEF6100DA40CF /* Build configuration list for PBXNativeTarget "gzmObjectUITests" */;
			buildPhases = (
				1587979E1EAFEF6100DA40CF /* Sources */,
				1587979F1EAFEF6100DA40CF /* Frameworks */,
				158797A01EAFEF6100DA40CF /* Resources */,
			);
			buildRules = (
			);
			dependencies = (
				158797A41EAFEF6100DA40CF /* PBXTargetDependency */,
			);
			name = gzmObjectUITests;
			productName = gzmObjectUITests;
			productReference = 158797A21EAFEF6100DA40CF /* gzmObjectUITests.xctest */;
			productType = "com.apple.product-type.bundle.ui-testing";
		};
/* End PBXNativeTarget section */

/* Begin PBXProject section */
		158797761EAFEF6000DA40CF /* Project object */ = {
			isa = PBXProject;
			attributes = {
				LastUpgradeCheck = 0810;
				ORGANIZATIONNAME = gzm;
				TargetAttributes = {
					1587977D1EAFEF6000DA40CF = {
						CreatedOnToolsVersion = 8.1;
						DevelopmentTeam = 9QWJDSLGEA;
						ProvisioningStyle = Automatic;
					};
					158797961EAFEF6100DA40CF = {
						CreatedOnToolsVersion = 8.1;
						ProvisioningStyle = Automatic;
						TestTargetID = 1587977D1EAFEF6000DA40CF;
					};
					158797A11EAFEF6100DA40CF = {
						CreatedOnToolsVersion = 8.1;
						ProvisioningStyle = Automatic;
						TestTargetID = 1587977D1EAFEF6000DA40CF;
					};
				};
			};
			buildConfigurationList = 158797791EAFEF6000DA40CF /* Build configuration list for PBXProject "gzmObject" */;
			compatibilityVersion = "Xcode 3.2";
			developmentRegion = English;
			hasScannedForEncodings = 0;
			knownRegions = (
				en,
				Base,
			);
			mainGroup = 158797751EAFEF6000DA40CF;
			productRefGroup = 1587977F1EAFEF6100DA40CF /* Products */;
			projectDirPath = "";
			projectRoot = "";
			targets = (
				1587977D1EAFEF6000DA40CF /* gzmObject */,
				158797961EAFEF6100DA40CF /* gzmObjectTests */,
				158797A11EAFEF6100DA40CF /* gzmObjectUITests */,
			);
		};
/* End PBXProject section */

/* Begin PBXResourcesBuildPhase section */
		1587977C1EAFEF6000DA40CF /* Resources */ = {
			isa = PBXResourcesBuildPhase;
			buildActionMask = 2147483647;
			files = (
				15E5D7E11EE07CF00040172E /* ChangePasswordViewController.xib in Resources */,
				1579B8EC1ED5F8E3000325FC /* GZMForgetViewController.xib in Resources */,
				158797911EAFEF6100DA40CF /* LaunchScreen.storyboard in Resources */,
				1579B9741ED7633A000325FC /* GZMCreatActiveViewController.xib in Resources */,
				156DDB291ECB6CC20050F037 /* GZMLoginViewController.xib in Resources */,
				15657E801EE8809300F92365 /* GZmHistroyTableViewCell.xib in Resources */,
				15657E851EE8A35C00F92365 /* GZMDetailEuimentViewController.xib in Resources */,
				1505E1681EB2B10700C61DFC /* onrViewController.xib in Resources */,
				15E5D7E61EE084440040172E /* GZMChangeencryptedViewController.xib in Resources */,
				1579B95A1ED64732000325FC /* GZmprojectTableViewCell.xib in Resources */,
				15E5D7F01EE0CAFD0040172E /* GZMperSonMessageViewController.xib in Resources */,
				1587978E1EAFEF6100DA40CF /* Assets.xcassets in Resources */,
				157415CC1EF094EC00B2513E /* GZMIPTableViewCell.xib in Resources */,
				15657E751EE606B300F92365 /* GZmEquentTableViewCell.xib in Resources */,
				1587978C1EAFEF6100DA40CF /* Main.storyboard in Resources */,
				1579B96F1ED7545C000325FC /* GZMActiveTableViewCell.xib in Resources */,
				15E5D7EB1EE0C2310040172E /* GZMChnageOneencryptedViewController.xib in Resources */,
				1579B9671ED73ED1000325FC /* GZMCreatViewController.xib in Resources */,
				150D014C1EDF7C01004D97A1 /* GZMMyViewController.xib in Resources */,
				156DDB321ECE4EAC0050F037 /* registedViewController.xib in Resources */,
				1579B9621ED66154000325FC /* GZMdetailProjectViewController.xib in Resources */,
			);
			runOnlyForDeploymentPostprocessing = 0;
		};
		158797951EAFEF6100DA40CF /* Resources */ = {
			isa = PBXResourcesBuildPhase;
			buildActionMask = 2147483647;
			files = (
			);
			runOnlyForDeploymentPostprocessing = 0;
		};
		158797A01EAFEF6100DA40CF /* Resources */ = {
			isa = PBXResourcesBuildPhase;
			buildActionMask = 2147483647;
			files = (
			);
			runOnlyForDeploymentPostprocessing = 0;
		};
/* End PBXResourcesBuildPhase section */

/* Begin PBXShellScriptBuildPhase section */
		340E3C566CBF8B86955D2E19 /* [CP] Check Pods Manifest.lock */ = {
			isa = PBXShellScriptBuildPhase;
			buildActionMask = 2147483647;
			files = (
			);
			inputPaths = (
			);
			name = "[CP] Check Pods Manifest.lock";
			outputPaths = (
			);
			runOnlyForDeploymentPostprocessing = 0;
			shellPath = /bin/sh;
			shellScript = "diff \"${PODS_PODFILE_DIR_PATH}/Podfile.lock\" \"${PODS_ROOT}/Manifest.lock\" > /dev/null\nif [ $? != 0 ] ; then\n    # print error to STDERR\n    echo \"error: The sandbox is not in sync with the Podfile.lock. Run 'pod install' or update your CocoaPods installation.\" >&2\n    exit 1\nfi\n";
			showEnvVarsInLog = 0;
		};
		9F82124674B7B2B2CB0C95C0 /* [CP] Embed Pods Frameworks */ = {
			isa = PBXShellScriptBuildPhase;
			buildActionMask = 2147483647;
			files = (
			);
			inputPaths = (
			);
			name = "[CP] Embed Pods Frameworks";
			outputPaths = (
			);
			runOnlyForDeploymentPostprocessing = 0;
			shellPath = /bin/sh;
			shellScript = "\"${SRCROOT}/Pods/Target Support Files/Pods-gzmObject/Pods-gzmObject-frameworks.sh\"\n";
			showEnvVarsInLog = 0;
		};
		B9A596A167A9B91237F9FB74 /* [CP] Copy Pods Resources */ = {
			isa = PBXShellScriptBuildPhase;
			buildActionMask = 2147483647;
			files = (
			);
			inputPaths = (
			);
			name = "[CP] Copy Pods Resources";
			outputPaths = (
			);
			runOnlyForDeploymentPostprocessing = 0;
			shellPath = /bin/sh;
			shellScript = "\"${SRCROOT}/Pods/Target Support Files/Pods-gzmObject/Pods-gzmObject-resources.sh\"\n";
			showEnvVarsInLog = 0;
		};
/* End PBXShellScriptBuildPhase section */

/* Begin PBXSourcesBuildPhase section */
		1587977A1EAFEF6000DA40CF /* Sources */ = {
			isa = PBXSourcesBuildPhase;
			buildActionMask = 2147483647;
			files = (
				158797E41EB02C8400DA40CF /* UIButton+GZM.m in Sources */,
				1579B9571ED64732000325FC /* GZMProjectViewController.m in Sources */,
				157415C71EF08CDE00B2513E /* GZMTableView.m in Sources */,
				158797C71EB027C800DA40CF /* withTableviewViewController.m in Sources */,
				1505E15A1EB27B5500C61DFC /* AppDelegate.m in Sources */,
				158797E21EB02C8400DA40CF /* NSString+GZM.m in Sources */,
				157415D41EF1ACD600B2513E /* GZMequipmentView.m in Sources */,
				15657E781EE870DD00F92365 /* GZMActiveHistoryViewController.m in Sources */,
				158797E81EB02C8400DA40CF /* UILabel+GZMlable.m in Sources */,
				157415D01EF09E5700B2513E /* YaoqingView.m in Sources */,
				15657E7F1EE8809300F92365 /* GZmHistroyTableViewCell.m in Sources */,
				1579B9561ED64732000325FC /* GZMZongViewController.m in Sources */,
				1505E14C1EB15B6100C61DFC /* RequestTool.m in Sources */,
				158797E51EB02C8400DA40CF /* UIColor+GZM.m in Sources */,
				150D01481EDA4C13004D97A1 /* tableVIew.m in Sources */,
				158797ED1EB02DE300DA40CF /* UIView+SYFrame.m in Sources */,
				1505E1451EB15A0300C61DFC /* warnIngView.m in Sources */,
				158797E61EB02C8400DA40CF /* UIImage+GZM.m in Sources */,
				1505E1671EB2B10700C61DFC /* onrViewController.m in Sources */,
				150D01421EDA3B9E004D97A1 /* leftButton.m in Sources */,
				156DDB2C1ECB6DC20050F037 /* registedViewController.m in Sources */,
				158797E01EB02C8400DA40CF /* NSArray+GZM.m in Sources */,
				1505E1421EB15A0300C61DFC /* downLoadView.m in Sources */,
				1505E16E1EB2C0E900C61DFC /* GZMTabbatViewController.m in Sources */,
				150D01521EDF8A34004D97A1 /* simpleTableVIew.m in Sources */,
				1579B96A1ED75025000325FC /* GZMActivationViewController.m in Sources */,
				156DDB211ECA27D60050F037 /* UITextField+GZM.m in Sources */,
				1505E15B1EB27B5500C61DFC /* ViewController.m in Sources */,
				15657E7B1EE87B7A00F92365 /* activeHistoryModel.m in Sources */,
				158797E31EB02C8400DA40CF /* UIActivityIndicatorView+GZM.m in Sources */,
				1579B9591ED64732000325FC /* GZmprojectTableViewCell.m in Sources */,
				1579B9581ED64732000325FC /* GZMProjectModel.m in Sources */,
				157415D71EF345C800B2513E /* GZMMeActiveViewController.m in Sources */,
				158797E71EB02C8400DA40CF /* UIImageView+GZM.m in Sources */,
				157415CB1EF094EC00B2513E /* GZMIPTableViewCell.m in Sources */,
				1505E14F1EB15C4900C61DFC /* LoadIngView.m in Sources */,
				150D013C1ED8AB8C004D97A1 /* GZMMyViewController.m in Sources */,
				1579B9731ED7633A000325FC /* GZMCreatActiveViewController.m in Sources */,
				1579B8EB1ED5F8E3000325FC /* GZMForgetViewController.m in Sources */,
				1579B95D1ED647B0000325FC /* GZMequipmentViewController.m in Sources */,
				15657E6D1EE5E3B000F92365 /* GZMexampleViewController.m in Sources */,
				15657E841EE8A35C00F92365 /* GZMDetailEuimentViewController.m in Sources */,
				1505E1411EB15A0300C61DFC /* AlerYangShi.m in Sources */,
				15657E741EE606B300F92365 /* GZmEquentTableViewCell.m in Sources */,
				1505E1461EB15A0300C61DFC /* XLWave.m in Sources */,
				150D014F1EDF8491004D97A1 /* GZmSettingViewController.m in Sources */,
				150BBDA11EE1DB9A0010A8D1 /* UserModel.m in Sources */,
				1505E1431EB15A0300C61DFC /* FileUtils.m in Sources */,
				1579B9771ED89A55000325FC /* ActiveModel.m in Sources */,
				1505E1441EB15A0300C61DFC /* GZMAlertView.m in Sources */,
				150D013F1ED8F3B6004D97A1 /* GZMChangeProgectViewController.m in Sources */,
				158797E91EB02C8400DA40CF /* UITextView+GZM.m in Sources */,
				158797C61EB027C800DA40CF /* FatherViewController.m in Sources */,
				150D01551EDF9A8E004D97A1 /* GZMpassWordSecurityViewController.m in Sources */,
				158797831EAFEF6100DA40CF /* main.m in Sources */,
				1505E15E1EB27BA100C61DFC /* GZMRootViewController.m in Sources */,
				15E5D7EA1EE0C2310040172E /* GZMChnageOneencryptedViewController.m in Sources */,
				1579B9661ED73ED1000325FC /* GZMCreatViewController.m in Sources */,
				150D01581EDFA2C5004D97A1 /* GZMpickerView.m in Sources */,
				1579B96E1ED7545C000325FC /* GZMActiveTableViewCell.m in Sources */,
				15E5D7EF1EE0CAFD0040172E /* GZMperSonMessageViewController.m in Sources */,
				158797E11EB02C8400DA40CF /* NSDictionary+GZM.m in Sources */,
				15E5D7E01EE07CF00040172E /* ChangePasswordViewController.m in Sources */,
				15657E701EE605ED00F92365 /* GZMEqupmenttionMOdel.m in Sources */,
				156DDB281ECB6CC20050F037 /* GZMLoginViewController.m in Sources */,
				15E5D7E51EE084440040172E /* GZMChangeencryptedViewController.m in Sources */,
				1579B9611ED66154000325FC /* GZMdetailProjectViewController.m in Sources */,
				1505E1471EB15A0300C61DFC /* XLWaveProgress.m in Sources */,
				1505E1481EB15A0300C61DFC /* ZJModelTool.m in Sources */,
			);
			runOnlyForDeploymentPostprocessing = 0;
		};
		158797931EAFEF6100DA40CF /* Sources */ = {
			isa = PBXSourcesBuildPhase;
			buildActionMask = 2147483647;
			files = (
				1587979C1EAFEF6100DA40CF /* gzmObjectTests.m in Sources */,
			);
			runOnlyForDeploymentPostprocessing = 0;
		};
		1587979E1EAFEF6100DA40CF /* Sources */ = {
			isa = PBXSourcesBuildPhase;
			buildActionMask = 2147483647;
			files = (
				158797A71EAFEF6100DA40CF /* gzmObjectUITests.m in Sources */,
			);
			runOnlyForDeploymentPostprocessing = 0;
		};
/* End PBXSourcesBuildPhase section */

/* Begin PBXTargetDependency section */
		158797991EAFEF6100DA40CF /* PBXTargetDependency */ = {
			isa = PBXTargetDependency;
			target = 1587977D1EAFEF6000DA40CF /* gzmObject */;
			targetProxy = 158797981EAFEF6100DA40CF /* PBXContainerItemProxy */;
		};
		158797A41EAFEF6100DA40CF /* PBXTargetDependency */ = {
			isa = PBXTargetDependency;
			target = 1587977D1EAFEF6000DA40CF /* gzmObject */;
			targetProxy = 158797A31EAFEF6100DA40CF /* PBXContainerItemProxy */;
		};
/* End PBXTargetDependency section */

/* Begin PBXVariantGroup section */
		1587978A1EAFEF6100DA40CF /* Main.storyboard */ = {
			isa = PBXVariantGroup;
			children = (
				1587978B1EAFEF6100DA40CF /* Base */,
			);
			name = Main.storyboard;
			sourceTree = "<group>";
		};
		1587978F1EAFEF6100DA40CF /* LaunchScreen.storyboard */ = {
			isa = PBXVariantGroup;
			children = (
				158797901EAFEF6100DA40CF /* Base */,
			);
			name = LaunchScreen.storyboard;
			sourceTree = "<group>";
		};
/* End PBXVariantGroup section */

/* Begin XCBuildConfiguration section */
		158797A91EAFEF6100DA40CF /* Debug */ = {
			isa = XCBuildConfiguration;
			buildSettings = {
				ALWAYS_SEARCH_USER_PATHS = NO;
				CLANG_ANALYZER_NONNULL = YES;
				CLANG_CXX_LANGUAGE_STANDARD = "gnu++0x";
				CLANG_CXX_LIBRARY = "libc++";
				CLANG_ENABLE_MODULES = YES;
				CLANG_ENABLE_OBJC_ARC = YES;
				CLANG_WARN_BOOL_CONVERSION = YES;
				CLANG_WARN_CONSTANT_CONVERSION = YES;
				CLANG_WARN_DIRECT_OBJC_ISA_USAGE = YES_ERROR;
				CLANG_WARN_DOCUMENTATION_COMMENTS = YES;
				CLANG_WARN_EMPTY_BODY = YES;
				CLANG_WARN_ENUM_CONVERSION = YES;
				CLANG_WARN_INFINITE_RECURSION = YES;
				CLANG_WARN_INT_CONVERSION = YES;
				CLANG_WARN_OBJC_ROOT_CLASS = YES_ERROR;
				CLANG_WARN_SUSPICIOUS_MOVES = YES;
				CLANG_WARN_UNREACHABLE_CODE = YES;
				CLANG_WARN__DUPLICATE_METHOD_MATCH = YES;
				"CODE_SIGN_IDENTITY[sdk=iphoneos*]" = "iPhone Developer";
				COPY_PHASE_STRIP = NO;
				DEBUG_INFORMATION_FORMAT = dwarf;
				ENABLE_STRICT_OBJC_MSGSEND = YES;
				ENABLE_TESTABILITY = YES;
				GCC_C_LANGUAGE_STANDARD = gnu99;
				GCC_DYNAMIC_NO_PIC = NO;
				GCC_NO_COMMON_BLOCKS = YES;
				GCC_OPTIMIZATION_LEVEL = 0;
				GCC_PREPROCESSOR_DEFINITIONS = (
					"DEBUG=1",
					"$(inherited)",
				);
				GCC_WARN_64_TO_32_BIT_CONVERSION = YES;
				GCC_WARN_ABOUT_RETURN_TYPE = YES_ERROR;
				GCC_WARN_UNDECLARED_SELECTOR = YES;
				GCC_WARN_UNINITIALIZED_AUTOS = YES_AGGRESSIVE;
				GCC_WARN_UNUSED_FUNCTION = YES;
				GCC_WARN_UNUSED_VARIABLE = YES;
				IPHONEOS_DEPLOYMENT_TARGET = 9.3;
				MTL_ENABLE_DEBUG_INFO = YES;
				ONLY_ACTIVE_ARCH = YES;
				SDKROOT = iphoneos;
				TARGETED_DEVICE_FAMILY = "1,2";
			};
			name = Debug;
		};
		158797AA1EAFEF6100DA40CF /* Release */ = {
			isa = XCBuildConfiguration;
			buildSettings = {
				ALWAYS_SEARCH_USER_PATHS = NO;
				CLANG_ANALYZER_NONNULL = YES;
				CLANG_CXX_LANGUAGE_STANDARD = "gnu++0x";
				CLANG_CXX_LIBRARY = "libc++";
				CLANG_ENABLE_MODULES = YES;
				CLANG_ENABLE_OBJC_ARC = YES;
				CLANG_WARN_BOOL_CONVERSION = YES;
				CLANG_WARN_CONSTANT_CONVERSION = YES;
				CLANG_WARN_DIRECT_OBJC_ISA_USAGE = YES_ERROR;
				CLANG_WARN_DOCUMENTATION_COMMENTS = YES;
				CLANG_WARN_EMPTY_BODY = YES;
				CLANG_WARN_ENUM_CONVERSION = YES;
				CLANG_WARN_INFINITE_RECURSION = YES;
				CLANG_WARN_INT_CONVERSION = YES;
				CLANG_WARN_OBJC_ROOT_CLASS = YES_ERROR;
				CLANG_WARN_SUSPICIOUS_MOVES = YES;
				CLANG_WARN_UNREACHABLE_CODE = YES;
				CLANG_WARN__DUPLICATE_METHOD_MATCH = YES;
				"CODE_SIGN_IDENTITY[sdk=iphoneos*]" = "iPhone Developer";
				COPY_PHASE_STRIP = NO;
				DEBUG_INFORMATION_FORMAT = "dwarf-with-dsym";
				ENABLE_NS_ASSERTIONS = NO;
				ENABLE_STRICT_OBJC_MSGSEND = YES;
				GCC_C_LANGUAGE_STANDARD = gnu99;
				GCC_NO_COMMON_BLOCKS = YES;
				GCC_WARN_64_TO_32_BIT_CONVERSION = YES;
				GCC_WARN_ABOUT_RETURN_TYPE = YES_ERROR;
				GCC_WARN_UNDECLARED_SELECTOR = YES;
				GCC_WARN_UNINITIALIZED_AUTOS = YES_AGGRESSIVE;
				GCC_WARN_UNUSED_FUNCTION = YES;
				GCC_WARN_UNUSED_VARIABLE = YES;
				IPHONEOS_DEPLOYMENT_TARGET = 9.3;
				MTL_ENABLE_DEBUG_INFO = NO;
				SDKROOT = iphoneos;
				TARGETED_DEVICE_FAMILY = "1,2";
				VALIDATE_PRODUCT = YES;
			};
			name = Release;
		};
		158797AC1EAFEF6100DA40CF /* Debug */ = {
			isa = XCBuildConfiguration;
			baseConfigurationReference = A79306C1D935AE284618FC12 /* Pods-gzmObject.debug.xcconfig */;
			buildSettings = {
				ASSETCATALOG_COMPILER_APPICON_NAME = AppIcon;
				"CODE_SIGN_IDENTITY[sdk=iphoneos*]" = "iPhone Developer";
				DEVELOPMENT_TEAM = 9QWJDSLGEA;
				ENABLE_BITCODE = NO;
				GCC_PRECOMPILE_PREFIX_HEADER = YES;
				GCC_PREFIX_HEADER = gzmObject/PrefixHeader.pch;
				INFOPLIST_FILE = gzmObject/Info.plist;
				IPHONEOS_DEPLOYMENT_TARGET = 9.1;
				LD_RUNPATH_SEARCH_PATHS = "$(inherited) @executable_path/Frameworks";
				PRODUCT_BUNDLE_IDENTIFIER = gzm.gzmObject;
				PRODUCT_NAME = "$(TARGET_NAME)";
			};
			name = Debug;
		};
		158797AD1EAFEF6100DA40CF /* Release */ = {
			isa = XCBuildConfiguration;
			baseConfigurationReference = 9568F3247A7056AEF5115234 /* Pods-gzmObject.release.xcconfig */;
			buildSettings = {
				ASSETCATALOG_COMPILER_APPICON_NAME = AppIcon;
				"CODE_SIGN_IDENTITY[sdk=iphoneos*]" = "iPhone Developer";
				DEVELOPMENT_TEAM = 9QWJDSLGEA;
				ENABLE_BITCODE = NO;
				GCC_PRECOMPILE_PREFIX_HEADER = YES;
				GCC_PREFIX_HEADER = gzmObject/PrefixHeader.pch;
				INFOPLIST_FILE = gzmObject/Info.plist;
				IPHONEOS_DEPLOYMENT_TARGET = 9.1;
				LD_RUNPATH_SEARCH_PATHS = "$(inherited) @executable_path/Frameworks";
				PRODUCT_BUNDLE_IDENTIFIER = gzm.gzmObject;
				PRODUCT_NAME = "$(TARGET_NAME)";
			};
			name = Release;
		};
		158797AF1EAFEF6100DA40CF /* Debug */ = {
			isa = XCBuildConfiguration;
			buildSettings = {
				BUNDLE_LOADER = "$(TEST_HOST)";
				INFOPLIST_FILE = gzmObjectTests/Info.plist;
				LD_RUNPATH_SEARCH_PATHS = "$(inherited) @executable_path/Frameworks @loader_path/Frameworks";
				PRODUCT_BUNDLE_IDENTIFIER = gzm.gzmObjectTests;
				PRODUCT_NAME = "$(TARGET_NAME)";
				TEST_HOST = "$(BUILT_PRODUCTS_DIR)/gzmObject.app/gzmObject";
			};
			name = Debug;
		};
		158797B01EAFEF6100DA40CF /* Release */ = {
			isa = XCBuildConfiguration;
			buildSettings = {
				BUNDLE_LOADER = "$(TEST_HOST)";
				INFOPLIST_FILE = gzmObjectTests/Info.plist;
				LD_RUNPATH_SEARCH_PATHS = "$(inherited) @executable_path/Frameworks @loader_path/Frameworks";
				PRODUCT_BUNDLE_IDENTIFIER = gzm.gzmObjectTests;
				PRODUCT_NAME = "$(TARGET_NAME)";
				TEST_HOST = "$(BUILT_PRODUCTS_DIR)/gzmObject.app/gzmObject";
			};
			name = Release;
		};
		158797B21EAFEF6100DA40CF /* Debug */ = {
			isa = XCBuildConfiguration;
			buildSettings = {
				INFOPLIST_FILE = gzmObjectUITests/Info.plist;
				LD_RUNPATH_SEARCH_PATHS = "$(inherited) @executable_path/Frameworks @loader_path/Frameworks";
				PRODUCT_BUNDLE_IDENTIFIER = gzm.gzmObjectUITests;
				PRODUCT_NAME = "$(TARGET_NAME)";
				TEST_TARGET_NAME = gzmObject;
			};
			name = Debug;
		};
		158797B31EAFEF6100DA40CF /* Release */ = {
			isa = XCBuildConfiguration;
			buildSettings = {
				INFOPLIST_FILE = gzmObjectUITests/Info.plist;
				LD_RUNPATH_SEARCH_PATHS = "$(inherited) @executable_path/Frameworks @loader_path/Frameworks";
				PRODUCT_BUNDLE_IDENTIFIER = gzm.gzmObjectUITests;
				PRODUCT_NAME = "$(TARGET_NAME)";
				TEST_TARGET_NAME = gzmObject;
			};
			name = Release;
		};
/* End XCBuildConfiguration section */

/* Begin XCConfigurationList section */
		158797791EAFEF6000DA40CF /* Build configuration list for PBXProject "gzmObject" */ = {
			isa = XCConfigurationList;
			buildConfigurations = (
				158797A91EAFEF6100DA40CF /* Debug */,
				158797AA1EAFEF6100DA40CF /* Release */,
			);
			defaultConfigurationIsVisible = 0;
			defaultConfigurationName = Release;
		};
		158797AB1EAFEF6100DA40CF /* Build configuration list for PBXNativeTarget "gzmObject" */ = {
			isa = XCConfigurationList;
			buildConfigurations = (
				158797AC1EAFEF6100DA40CF /* Debug */,
				158797AD1EAFEF6100DA40CF /* Release */,
			);
			defaultConfigurationIsVisible = 0;
			defaultConfigurationName = Release;
		};
		158797AE1EAFEF6100DA40CF /* Build configuration list for PBXNativeTarget "gzmObjectTests" */ = {
			isa = XCConfigurationList;
			buildConfigurations = (
				158797AF1EAFEF6100DA40CF /* Debug */,
				158797B01EAFEF6100DA40CF /* Release */,
			);
			defaultConfigurationIsVisible = 0;
			defaultConfigurationName = Release;
		};
		158797B11EAFEF6100DA40CF /* Build configuration list for PBXNativeTarget "gzmObjectUITests" */ = {
			isa = XCConfigurationList;
			buildConfigurations = (
				158797B21EAFEF6100DA40CF /* Debug */,
				158797B31EAFEF6100DA40CF /* Release */,
			);
			defaultConfigurationIsVisible = 0;
			defaultConfigurationName = Release;
		};
/* End XCConfigurationList section */
	};
	rootObject = 158797761EAFEF6000DA40CF /* Project object */;
}
